#
# ATTENTION CE FICHIER EST GENERE AUTOMATIQUEMENT !
#

version: 1.42.3
generatedFiles:
  - ../generators/angular/src/appgenerated/api/securite/profil/profil.ts
  - ../generators/angular/src/appgenerated/api/securite/utilisateur/utilisateur.ts
  - ../generators/angular/src/appgenerated/model/securite/profil/profil-item.ts
  - ../generators/angular/src/appgenerated/model/securite/profil/profil-read.ts
  - ../generators/angular/src/appgenerated/model/securite/profil/profil-write.ts
  - ../generators/angular/src/appgenerated/model/securite/profil/references.ts
  - ../generators/angular/src/appgenerated/model/securite/utilisateur/references.ts
  - ../generators/angular/src/appgenerated/model/securite/utilisateur/utilisateur-item.ts
  - ../generators/angular/src/appgenerated/model/securite/utilisateur/utilisateur-read.ts
  - ../generators/angular/src/appgenerated/model/securite/utilisateur/utilisateur-write.ts
  - ../generators/angular/src/appgenerated/resources/common.json
  - ../generators/angular/src/appgenerated/resources/securite.json
