#
# ATTENTION CE FICHIER EST GENERE AUTOMATIQUEMENT !
#

version: 2.1.1
custom:
  ../../../TopModel.Generator.Javascript: e39801d826bcb9c740ebb356ac0b7fbb
generatedFiles:
  - ../generators/angular/src/appgenerated/api/securite/profil/profil.service.ts
  - ../generators/angular/src/appgenerated/api/securite/utilisateur/utilisateur.service.ts
  - ../generators/angular/src/appgenerated/model/securite/profil/profil-item.ts
  - ../generators/angular/src/appgenerated/model/securite/profil/profil-read.ts
  - ../generators/angular/src/appgenerated/model/securite/profil/profil-write.ts
  - ../generators/angular/src/appgenerated/model/securite/profil/references.ts
  - ../generators/angular/src/appgenerated/model/securite/utilisateur/references.ts
  - ../generators/angular/src/appgenerated/model/securite/utilisateur/utilisateur-item.ts
  - ../generators/angular/src/appgenerated/model/securite/utilisateur/utilisateur-read.ts
  - ../generators/angular/src/appgenerated/model/securite/utilisateur/utilisateur-write.ts
  - ../generators/angular/src/appgenerated/resources/common.json
  - ../generators/angular/src/appgenerated/resources/securite.json
