#
# ATTENTION CE FICHIER EST GENERE AUTOMATIQUEMENT !
#

version: 1.46.4
generatedFiles:
  - ../generators/csharp/src/Clients/CSharp.Clients.Db/generated/CSharpDbContext.comments.cs
  - ../generators/csharp/src/Clients/CSharp.Clients.Db/generated/CSharpDbContext.cs
  - ../generators/csharp/src/Clients/CSharp.Clients.Db/Models/Securite/Profil/generated/Profil.cs
  - ../generators/csharp/src/Clients/CSharp.Clients.Db/Models/Securite/Profil/generated/SecuriteProfilMappers.cs
  - ../generators/csharp/src/Clients/CSharp.Clients.Db/Models/Securite/Utilisateur/generated/SecuriteUtilisateurMappers.cs
  - ../generators/csharp/src/Clients/CSharp.Clients.Db/Models/Securite/Utilisateur/generated/Utilisateur.cs
  - ../generators/csharp/src/Clients/CSharp.Clients.Db/Reference/generated/ISecuriteProfilReferenceAccessors.cs
  - ../generators/csharp/src/Clients/CSharp.Clients.Db/Reference/generated/ISecuriteUtilisateurReferenceAccessors.cs
  - ../generators/csharp/src/Clients/CSharp.Clients.Db/Reference/generated/SecuriteProfilReferenceAccessors.cs
  - ../generators/csharp/src/Clients/CSharp.Clients.Db/Reference/generated/SecuriteUtilisateurReferenceAccessors.cs
  - ../generators/csharp/src/Clients/CSharp.Clients.External/Securite/Profil/generated/ProfilClient.cs
  - ../generators/csharp/src/Clients/CSharp.Clients.External/Securite/Utilisateur/generated/UtilisateurClient.cs
  - ../generators/csharp/src/CSharp.Api/Controllers/Securite/Profil/ProfilController.cs
  - ../generators/csharp/src/CSharp.Api/Controllers/Securite/Utilisateur/UtilisateurController.cs
  - ../generators/csharp/src/Models/CSharp.Securite/Profil.Models/generated/Droit.cs
  - ../generators/csharp/src/Models/CSharp.Securite/Profil.Models/generated/IProfilItem.cs
  - ../generators/csharp/src/Models/CSharp.Securite/Profil.Models/generated/ProfilRead.cs
  - ../generators/csharp/src/Models/CSharp.Securite/Profil.Models/generated/ProfilWrite.cs
  - ../generators/csharp/src/Models/CSharp.Securite/Profil.Models/generated/TypeDroit.cs
  - ../generators/csharp/src/Models/CSharp.Securite/Utilisateur.Models/generated/IUtilisateurItem.cs
  - ../generators/csharp/src/Models/CSharp.Securite/Utilisateur.Models/generated/TypeUtilisateur.cs
  - ../generators/csharp/src/Models/CSharp.Securite/Utilisateur.Models/generated/UtilisateurRead.cs
  - ../generators/csharp/src/Models/CSharp.Securite/Utilisateur.Models/generated/UtilisateurWrite.cs
