#
# ATTENTION CE FICHIER EST GENERE AUTOMATIQUEMENT !
#

version: 1.30.2
generatedFiles:
  - ../generators/focus/src/locale/securite.ts
  - ../generators/focus/src/locale/utilisateur.ts
  - ../generators/focus/src/model/securite/profil-dto.ts
  - ../generators/focus/src/model/securite/references.ts
  - ../generators/focus/src/model/securite/secteur-dto.ts
  - ../generators/focus/src/model/utilisateur/references.ts
  - ../generators/focus/src/model/utilisateur/utilisateur-dto.ts
  - ../generators/focus/src/model/utilisateur/utilisateur-search.ts
  - ../generators/focus/src/services/securite/utilisateur/utilisateur-api.ts
