#
# ATTENTION CE FICHIER EST GENERE AUTOMATIQUEMENT !
#

version: 1.51.2
generatedFiles:
  - ../generators/focus/src/locale/common.ts
  - ../generators/focus/src/locale/securite.ts
  - ../generators/focus/src/model/securite/profil/profil-item.ts
  - ../generators/focus/src/model/securite/profil/profil-read.ts
  - ../generators/focus/src/model/securite/profil/profil-write.ts
  - ../generators/focus/src/model/securite/profil/references.ts
  - ../generators/focus/src/model/securite/utilisateur/references.ts
  - ../generators/focus/src/model/securite/utilisateur/utilisateur-item.ts
  - ../generators/focus/src/model/securite/utilisateur/utilisateur-read.ts
  - ../generators/focus/src/model/securite/utilisateur/utilisateur-write.ts
  - ../generators/focus/src/services/securite/profil/profil.ts
  - ../generators/focus/src/services/securite/utilisateur/utilisateur.ts
