#
# ATTENTION CE FICHIER EST GENERE AUTOMATIQUEMENT !
#

version: 1.33.1
generatedFiles:
  - ../generators/jpa/src/main/javagen/topmodel/jpa/sample/demo/api/client/securite/utilisateur/AbstractUtilisateurApiClient.java
  - ../generators/jpa/src/main/javagen/topmodel/jpa/sample/demo/api/server/securite/utilisateur/UtilisateurApiController.java
  - ../generators/jpa/src/main/javagen/topmodel/jpa/sample/demo/daos/securite/DroitDAO.java
  - ../generators/jpa/src/main/javagen/topmodel/jpa/sample/demo/daos/securite/ProfilDAO.java
  - ../generators/jpa/src/main/javagen/topmodel/jpa/sample/demo/daos/securite/SecteurDAO.java
  - ../generators/jpa/src/main/javagen/topmodel/jpa/sample/demo/daos/securite/TypeProfilDAO.java
  - ../generators/jpa/src/main/javagen/topmodel/jpa/sample/demo/daos/utilisateur/TypeUtilisateurDAO.java
  - ../generators/jpa/src/main/javagen/topmodel/jpa/sample/demo/daos/utilisateur/UtilisateurDAO.java
  - ../generators/jpa/src/main/javagen/topmodel/jpa/sample/demo/dtos/securite/ProfilDto.java
  - ../generators/jpa/src/main/javagen/topmodel/jpa/sample/demo/dtos/securite/SecteurDto.java
  - ../generators/jpa/src/main/javagen/topmodel/jpa/sample/demo/dtos/utilisateur/UtilisateurDto.java
  - ../generators/jpa/src/main/javagen/topmodel/jpa/sample/demo/dtos/utilisateur/UtilisateurDTOMappers.java
  - ../generators/jpa/src/main/javagen/topmodel/jpa/sample/demo/dtos/utilisateur/UtilisateurSearch.java
  - ../generators/jpa/src/main/javagen/topmodel/jpa/sample/demo/entities/securite/Droit.java
  - ../generators/jpa/src/main/javagen/topmodel/jpa/sample/demo/entities/securite/Profil.java
  - ../generators/jpa/src/main/javagen/topmodel/jpa/sample/demo/entities/securite/Secteur.java
  - ../generators/jpa/src/main/javagen/topmodel/jpa/sample/demo/entities/securite/SecuriteMappers.java
  - ../generators/jpa/src/main/javagen/topmodel/jpa/sample/demo/entities/securite/TypeProfil.java
  - ../generators/jpa/src/main/javagen/topmodel/jpa/sample/demo/entities/utilisateur/TypeUtilisateur.java
  - ../generators/jpa/src/main/javagen/topmodel/jpa/sample/demo/entities/utilisateur/Utilisateur.java
  - ../generators/jpa/src/main/javagen/topmodel/jpa/sample/demo/entities/utilisateur/UtilisateurMappers.java
  - ../generators/jpa/src/main/resources/i18n/model/securite.properties
  - ../generators/jpa/src/main/resources/i18n/model/utilisateur.properties
