#
# ATTENTION CE FICHIER EST GENERE AUTOMATIQUEMENT !
#

version: 1.42.5
generatedFiles:
  - ../generators/jpa/src/main/javagen/topmodel/jpa/sample/demo/api/client/securite/profil/ProfilClient.java
  - ../generators/jpa/src/main/javagen/topmodel/jpa/sample/demo/api/client/securite/utilisateur/UtilisateurClient.java
  - ../generators/jpa/src/main/javagen/topmodel/jpa/sample/demo/api/server/securite/profil/ProfilController.java
  - ../generators/jpa/src/main/javagen/topmodel/jpa/sample/demo/api/server/securite/utilisateur/UtilisateurController.java
  - ../generators/jpa/src/main/javagen/topmodel/jpa/sample/demo/daos/securite/profil/DroitDAO.java
  - ../generators/jpa/src/main/javagen/topmodel/jpa/sample/demo/daos/securite/profil/ProfilDAO.java
  - ../generators/jpa/src/main/javagen/topmodel/jpa/sample/demo/daos/securite/profil/TypeDroitDAO.java
  - ../generators/jpa/src/main/javagen/topmodel/jpa/sample/demo/daos/securite/utilisateur/TypeUtilisateurDAO.java
  - ../generators/jpa/src/main/javagen/topmodel/jpa/sample/demo/daos/securite/utilisateur/UtilisateurDAO.java
  - ../generators/jpa/src/main/javagen/topmodel/jpa/sample/demo/dtos/securite/profil/ProfilItem.java
  - ../generators/jpa/src/main/javagen/topmodel/jpa/sample/demo/dtos/securite/profil/ProfilRead.java
  - ../generators/jpa/src/main/javagen/topmodel/jpa/sample/demo/dtos/securite/profil/ProfilWrite.java
  - ../generators/jpa/src/main/javagen/topmodel/jpa/sample/demo/dtos/securite/utilisateur/UtilisateurItem.java
  - ../generators/jpa/src/main/javagen/topmodel/jpa/sample/demo/dtos/securite/utilisateur/UtilisateurRead.java
  - ../generators/jpa/src/main/javagen/topmodel/jpa/sample/demo/dtos/securite/utilisateur/UtilisateurWrite.java
  - ../generators/jpa/src/main/javagen/topmodel/jpa/sample/demo/entities/securite/profil/Droit.java
  - ../generators/jpa/src/main/javagen/topmodel/jpa/sample/demo/entities/securite/profil/Profil.java
  - ../generators/jpa/src/main/javagen/topmodel/jpa/sample/demo/entities/securite/profil/SecuriteProfilMappers.java
  - ../generators/jpa/src/main/javagen/topmodel/jpa/sample/demo/entities/securite/profil/TypeDroit.java
  - ../generators/jpa/src/main/javagen/topmodel/jpa/sample/demo/entities/securite/utilisateur/SecuriteUtilisateurMappers.java
  - ../generators/jpa/src/main/javagen/topmodel/jpa/sample/demo/entities/securite/utilisateur/TypeUtilisateur.java
  - ../generators/jpa/src/main/javagen/topmodel/jpa/sample/demo/entities/securite/utilisateur/Utilisateur.java
  - ../generators/jpa/src/main/javagen/topmodel/jpa/sample/demo/enums/securite/profil/DroitCode.java
  - ../generators/jpa/src/main/javagen/topmodel/jpa/sample/demo/enums/securite/profil/TypeDroitCode.java
  - ../generators/jpa/src/main/javagen/topmodel/jpa/sample/demo/enums/securite/utilisateur/TypeUtilisateurCode.java
  - ../generators/jpa/src/main/resources/i18n/model/common.properties
  - ../generators/jpa/src/main/resources/i18n/model/securite.properties
