#
# ATTENTION CE FICHIER EST GENERE AUTOMATIQUEMENT !
#

version: 2.0.4
modules: {}
generatedFiles:
  - ../generators/pg/src/01_tables.sql
  - ../generators/pg/src/02_fk_indexes.sql
  - ../generators/pg/src/03_unique_keys.sql
  - ../generators/pg/src/04_references.sql
  - ../generators/pg/src/05_comments.sql
  - ../generators/pg/src/06_resources.sql
