#
# ATTENTION CE FICHIER EST GENERE AUTOMATIQUEMENT !
#

version: 1.45.2
generatedFiles:
  - ../generators/php/src/Entity/Securite/Profil/Droit.php
  - ../generators/php/src/Entity/Securite/Profil/Profil.php
  - ../generators/php/src/Entity/Securite/Profil/TypeDroit.php
  - ../generators/php/src/Entity/Securite/Utilisateur/TypeUtilisateur.php
  - ../generators/php/src/Entity/Securite/Utilisateur/Utilisateur.php
  - ../generators/php/src/Model/Securite/Profil/ProfilRead.php
  - ../generators/php/src/Model/Securite/Profil/ProfilWrite.php
  - ../generators/php/src/Model/Securite/Utilisateur/UtilisateurRead.php
  - ../generators/php/src/Model/Securite/Utilisateur/UtilisateurWrite.php
  - ../generators/php/src/Repository/Securite/Profil/DroitRepository.php
  - ../generators/php/src/Repository/Securite/Profil/ProfilRepository.php
  - ../generators/php/src/Repository/Securite/Profil/TypeDroitRepository.php
  - ../generators/php/src/Repository/Securite/Utilisateur/TypeUtilisateurRepository.php
  - ../generators/php/src/Repository/Securite/Utilisateur/UtilisateurRepository.php
