#
# ATTENTION CE FICHIER EST GENERE AUTOMATIQUEMENT !
#

version: 1.47.1
generatedFiles:
  - ../generators/ssdt/src/init/DROIT.insert.sql
  - ../generators/ssdt/src/init/main.sql
  - ../generators/ssdt/src/init/TYPE_DROIT.insert.sql
  - ../generators/ssdt/src/init/TYPE_UTILISATEUR.insert.sql
  - ../generators/ssdt/src/tables/DROIT.sql
  - ../generators/ssdt/src/tables/PROFIL_DROIT.sql
  - ../generators/ssdt/src/tables/PROFIL.sql
  - ../generators/ssdt/src/tables/TYPE_DROIT.sql
  - ../generators/ssdt/src/tables/TYPE_UTILISATEUR.sql
  - ../generators/ssdt/src/tables/UTILISATEUR.sql
