#
# ATTENTION CE FICHIER EST GENERE AUTOMATIQUEMENT !
#

version: 2.1.1
custom:
  ../../../TopModel.Generator.Sql: a7d6d70714c8ee38aeac8e9447ed12fd
generatedFiles:
  - ../generators/ssdt/src/init/DROIT.insert.sql
  - ../generators/ssdt/src/init/main.sql
  - ../generators/ssdt/src/init/TYPE_DROIT.insert.sql
  - ../generators/ssdt/src/init/TYPE_UTILISATEUR.insert.sql
  - ../generators/ssdt/src/tables/DROIT.sql
  - ../generators/ssdt/src/tables/PROFIL_DROIT.sql
  - ../generators/ssdt/src/tables/PROFIL.sql
  - ../generators/ssdt/src/tables/TYPE_DROIT.sql
  - ../generators/ssdt/src/tables/TYPE_UTILISATEUR.sql
  - ../generators/ssdt/src/tables/UTILISATEUR.sql
