#
# ATTENTION CE FICHIER EST GENERE AUTOMATIQUEMENT !
#

version: 3.5.1
custom:
  ../../TopModel.Generator.Csharp: a04debe01202fb12125d2871196d720d
  ../../TopModel.Generator.Javascript: 125a6e136adfd306b3ed6bc6e64adbfd
  ../../TopModel.Generator.Jpa: 9b10c67ef48621e6ef650902c1eecd53
  ../../TopModel.Generator.Php: de7a4698812843f0477c73a6c3a3b350
  ../../TopModel.Generator.Sql: 0c698e59fc1b3191c0ebe7deed7d512f
  ../../TopModel.Generator.Translation: 4f3eeaa5ea9076cf360f586fe4f681b5
generatedFiles:
  - ../output/angular/src/appgenerated/api/securite/profil/profil.service.ts
  - ../output/angular/src/appgenerated/api/securite/utilisateur/utilisateur.service.ts
  - ../output/angular/src/appgenerated/model/securite/profil/profil-item.ts
  - ../output/angular/src/appgenerated/model/securite/profil/profil-read.ts
  - ../output/angular/src/appgenerated/model/securite/profil/profil-write.ts
  - ../output/angular/src/appgenerated/model/securite/profil/references.ts
  - ../output/angular/src/appgenerated/model/securite/utilisateur/references.ts
  - ../output/angular/src/appgenerated/model/securite/utilisateur/utilisateur-item.ts
  - ../output/angular/src/appgenerated/model/securite/utilisateur/utilisateur-read.ts
  - ../output/angular/src/appgenerated/model/securite/utilisateur/utilisateur-write.ts
  - ../output/angular/src/appgenerated/resources/common.json
  - ../output/angular/src/appgenerated/resources/securite.json
  - ../output/csharp/src/Clients/TopModel.Sample.Clients.Db/generated/TopModelSampleDbContext.comments.cs
  - ../output/csharp/src/Clients/TopModel.Sample.Clients.Db/generated/TopModelSampleDbContext.cs
  - ../output/csharp/src/Clients/TopModel.Sample.Clients.Db/generated/TopModelSampleDbContext.resources.cs
  - ../output/csharp/src/Clients/TopModel.Sample.Clients.Db/Models/Common/generated/Traduction.cs
  - ../output/csharp/src/Clients/TopModel.Sample.Clients.Db/Models/Securite/Profil/generated/Profil.cs
  - ../output/csharp/src/Clients/TopModel.Sample.Clients.Db/Models/Securite/Profil/generated/ProfilDroit.cs
  - ../output/csharp/src/Clients/TopModel.Sample.Clients.Db/Models/Securite/Profil/generated/ProfilMappers.cs
  - ../output/csharp/src/Clients/TopModel.Sample.Clients.Db/Models/Securite/Utilisateur/generated/Utilisateur.cs
  - ../output/csharp/src/Clients/TopModel.Sample.Clients.Db/Models/Securite/Utilisateur/generated/UtilisateurMappers.cs
  - ../output/csharp/src/Clients/TopModel.Sample.Clients.Db/Reference/generated/DbSecuriteProfilReferenceAccessors.cs
  - ../output/csharp/src/Clients/TopModel.Sample.Clients.Db/Reference/generated/DbSecuriteUtilisateurReferenceAccessors.cs
  - ../output/csharp/src/Clients/TopModel.Sample.Clients.Db/Reference/generated/IDbSecuriteProfilReferenceAccessors.cs
  - ../output/csharp/src/Clients/TopModel.Sample.Clients.Db/Reference/generated/IDbSecuriteUtilisateurReferenceAccessors.cs
  - ../output/csharp/src/Clients/TopModel.Sample.Clients.External/Securite/Profil/generated/ProfilClient.cs
  - ../output/csharp/src/Clients/TopModel.Sample.Clients.External/Securite/Utilisateur/generated/UtilisateurClient.cs
  - ../output/csharp/src/Models/TopModel.Sample.Common.Models/Common.resx
  - ../output/csharp/src/Models/TopModel.Sample.Securite.Models/Profil/generated/Droit.cs
  - ../output/csharp/src/Models/TopModel.Sample.Securite.Models/Profil/generated/IProfilItem.cs
  - ../output/csharp/src/Models/TopModel.Sample.Securite.Models/Profil/generated/ProfilRead.cs
  - ../output/csharp/src/Models/TopModel.Sample.Securite.Models/Profil/generated/ProfilWrite.cs
  - ../output/csharp/src/Models/TopModel.Sample.Securite.Models/Profil/generated/TypeDroit.cs
  - ../output/csharp/src/Models/TopModel.Sample.Securite.Models/Securite.resx
  - ../output/csharp/src/Models/TopModel.Sample.Securite.Models/Utilisateur/generated/IUtilisateurItem.cs
  - ../output/csharp/src/Models/TopModel.Sample.Securite.Models/Utilisateur/generated/TypeUtilisateur.cs
  - ../output/csharp/src/Models/TopModel.Sample.Securite.Models/Utilisateur/generated/UtilisateurRead.cs
  - ../output/csharp/src/Models/TopModel.Sample.Securite.Models/Utilisateur/generated/UtilisateurWrite.cs
  - ../output/csharp/src/TopModel.Sample.Api/Controllers/Securite/Profil/ProfilController.cs
  - ../output/csharp/src/TopModel.Sample.Api/Controllers/Securite/Utilisateur/UtilisateurController.cs
  - ../output/focus/src/locale/common.ts
  - ../output/focus/src/locale/securite.ts
  - ../output/focus/src/model/securite/profil/profil-item.ts
  - ../output/focus/src/model/securite/profil/profil-read.ts
  - ../output/focus/src/model/securite/profil/profil-write.ts
  - ../output/focus/src/model/securite/profil/references.ts
  - ../output/focus/src/model/securite/utilisateur/references.ts
  - ../output/focus/src/model/securite/utilisateur/utilisateur-item.ts
  - ../output/focus/src/model/securite/utilisateur/utilisateur-read.ts
  - ../output/focus/src/model/securite/utilisateur/utilisateur-write.ts
  - ../output/focus/src/services/securite/profil/profil.ts
  - ../output/focus/src/services/securite/utilisateur/utilisateur.ts
  - ../output/jpa/src/main/javagen/topmodel/jpa/sample/demo/api/client/securite/profil/ProfilClient.java
  - ../output/jpa/src/main/javagen/topmodel/jpa/sample/demo/api/client/securite/utilisateur/UtilisateurClient.java
  - ../output/jpa/src/main/javagen/topmodel/jpa/sample/demo/api/server/securite/profil/ProfilController.java
  - ../output/jpa/src/main/javagen/topmodel/jpa/sample/demo/api/server/securite/utilisateur/UtilisateurController.java
  - ../output/jpa/src/main/javagen/topmodel/jpa/sample/demo/daos/common/TraductionDAO.java
  - ../output/jpa/src/main/javagen/topmodel/jpa/sample/demo/daos/securite/profil/ProfilDAO.java
  - ../output/jpa/src/main/javagen/topmodel/jpa/sample/demo/daos/securite/profil/ProfilDroitDAO.java
  - ../output/jpa/src/main/javagen/topmodel/jpa/sample/demo/daos/securite/utilisateur/UtilisateurDAO.java
  - ../output/jpa/src/main/javagen/topmodel/jpa/sample/demo/dtos/securite/profil/ProfilItem.java
  - ../output/jpa/src/main/javagen/topmodel/jpa/sample/demo/dtos/securite/profil/ProfilRead.java
  - ../output/jpa/src/main/javagen/topmodel/jpa/sample/demo/dtos/securite/profil/ProfilWrite.java
  - ../output/jpa/src/main/javagen/topmodel/jpa/sample/demo/dtos/securite/utilisateur/UtilisateurItem.java
  - ../output/jpa/src/main/javagen/topmodel/jpa/sample/demo/dtos/securite/utilisateur/UtilisateurRead.java
  - ../output/jpa/src/main/javagen/topmodel/jpa/sample/demo/dtos/securite/utilisateur/UtilisateurWrite.java
  - ../output/jpa/src/main/javagen/topmodel/jpa/sample/demo/entities/common/Traduction_.java
  - ../output/jpa/src/main/javagen/topmodel/jpa/sample/demo/entities/common/Traduction.java
  - ../output/jpa/src/main/javagen/topmodel/jpa/sample/demo/entities/securite/profil/Droit_.java
  - ../output/jpa/src/main/javagen/topmodel/jpa/sample/demo/entities/securite/profil/Droit.java
  - ../output/jpa/src/main/javagen/topmodel/jpa/sample/demo/entities/securite/profil/Profil_.java
  - ../output/jpa/src/main/javagen/topmodel/jpa/sample/demo/entities/securite/profil/Profil.java
  - ../output/jpa/src/main/javagen/topmodel/jpa/sample/demo/entities/securite/profil/ProfilDroit_.java
  - ../output/jpa/src/main/javagen/topmodel/jpa/sample/demo/entities/securite/profil/ProfilDroit.java
  - ../output/jpa/src/main/javagen/topmodel/jpa/sample/demo/entities/securite/profil/SecuriteProfilMappers.java
  - ../output/jpa/src/main/javagen/topmodel/jpa/sample/demo/entities/securite/profil/TypeDroit_.java
  - ../output/jpa/src/main/javagen/topmodel/jpa/sample/demo/entities/securite/profil/TypeDroit.java
  - ../output/jpa/src/main/javagen/topmodel/jpa/sample/demo/entities/securite/utilisateur/SecuriteUtilisateurMappers.java
  - ../output/jpa/src/main/javagen/topmodel/jpa/sample/demo/entities/securite/utilisateur/TypeUtilisateur_.java
  - ../output/jpa/src/main/javagen/topmodel/jpa/sample/demo/entities/securite/utilisateur/TypeUtilisateur.java
  - ../output/jpa/src/main/javagen/topmodel/jpa/sample/demo/entities/securite/utilisateur/Utilisateur_.java
  - ../output/jpa/src/main/javagen/topmodel/jpa/sample/demo/entities/securite/utilisateur/Utilisateur.java
  - ../output/jpa/src/main/javagen/topmodel/jpa/sample/demo/enums/securite/profil/DroitCode.java
  - ../output/jpa/src/main/javagen/topmodel/jpa/sample/demo/enums/securite/profil/TypeDroitCode.java
  - ../output/jpa/src/main/javagen/topmodel/jpa/sample/demo/enums/securite/utilisateur/TypeUtilisateurCode.java
  - ../output/jpa/src/main/resources/i18n/model/common.properties
  - ../output/jpa/src/main/resources/i18n/model/securite.properties
  - ../output/pg/src/01_tables.sql
  - ../output/pg/src/02_fk_indexes.sql
  - ../output/pg/src/03_unique_keys.sql
  - ../output/pg/src/04_references.sql
  - ../output/pg/src/05_comments.sql
  - ../output/pg/src/06_resources.sql
  - ../output/php/src/Entity/Common/Traduction.php
  - ../output/php/src/Entity/Securite/Profil/Droit.php
  - ../output/php/src/Entity/Securite/Profil/Profil.php
  - ../output/php/src/Entity/Securite/Profil/ProfilDroit.php
  - ../output/php/src/Entity/Securite/Profil/TypeDroit.php
  - ../output/php/src/Entity/Securite/Utilisateur/TypeUtilisateur.php
  - ../output/php/src/Entity/Securite/Utilisateur/Utilisateur.php
  - ../output/php/src/Model/Securite/Profil/ProfilRead.php
  - ../output/php/src/Model/Securite/Profil/ProfilWrite.php
  - ../output/php/src/Model/Securite/Utilisateur/UtilisateurRead.php
  - ../output/php/src/Model/Securite/Utilisateur/UtilisateurWrite.php
  - ../output/php/src/Repository/Common/TraductionRepository.php
  - ../output/php/src/Repository/Securite/Profil/DroitRepository.php
  - ../output/php/src/Repository/Securite/Profil/ProfilDroitRepository.php
  - ../output/php/src/Repository/Securite/Profil/ProfilRepository.php
  - ../output/php/src/Repository/Securite/Profil/TypeDroitRepository.php
  - ../output/php/src/Repository/Securite/Utilisateur/TypeUtilisateurRepository.php
  - ../output/php/src/Repository/Securite/Utilisateur/UtilisateurRepository.php
  - ../output/ssdt/src/init/DROIT.insert.sql
  - ../output/ssdt/src/init/main.sql
  - ../output/ssdt/src/init/TYPE_DROIT.insert.sql
  - ../output/ssdt/src/init/TYPE_UTILISATEUR.insert.sql
  - ../output/ssdt/src/tables/DROIT.sql
  - ../output/ssdt/src/tables/PROFIL_DROIT.sql
  - ../output/ssdt/src/tables/PROFIL.sql
  - ../output/ssdt/src/tables/TRADUCTION.sql
  - ../output/ssdt/src/tables/TYPE_DROIT.sql
  - ../output/ssdt/src/tables/TYPE_UTILISATEUR.sql
  - ../output/ssdt/src/tables/UTILISATEUR.sql
