#
# ATTENTION CE FICHIER EST GENERE AUTOMATIQUEMENT !
#

version: 3.7.0
modules:
  jpa:
    version: 3.4.5
    hash: 00b69e50a97f67ed8ece2af64ae693df
custom:
  ../TopModel.Generator.Jpa: 52793fab1a9ba5d827a67af9ce372ba8
generatedFiles:
  - ./output/jpa-identity-associations/src/main/javagen/topmodel/test/identity/associations/api/server/restaurant/AdvancedEndpointsController.java
  - ./output/jpa-identity-associations/src/main/javagen/topmodel/test/identity/associations/api/server/restaurant/EndpointsController.java
  - ./output/jpa-identity-associations/src/main/javagen/topmodel/test/identity/associations/daos/restaurant/AvisClientDAO.java
  - ./output/jpa-identity-associations/src/main/javagen/topmodel/test/identity/associations/daos/restaurant/ClientDAO.java
  - ./output/jpa-identity-associations/src/main/javagen/topmodel/test/identity/associations/daos/restaurant/CommandeDAO.java
  - ./output/jpa-identity-associations/src/main/javagen/topmodel/test/identity/associations/daos/restaurant/CommandeExportDAO.java
  - ./output/jpa-identity-associations/src/main/javagen/topmodel/test/identity/associations/daos/restaurant/EmployeDAO.java
  - ./output/jpa-identity-associations/src/main/javagen/topmodel/test/identity/associations/daos/restaurant/LigneCommandeDAO.java
  - ./output/jpa-identity-associations/src/main/javagen/topmodel/test/identity/associations/daos/restaurant/MenuDAO.java
  - ./output/jpa-identity-associations/src/main/javagen/topmodel/test/identity/associations/daos/restaurant/MenuPlatDAO.java
  - ./output/jpa-identity-associations/src/main/javagen/topmodel/test/identity/associations/daos/restaurant/PersonneDAO.java
  - ./output/jpa-identity-associations/src/main/javagen/topmodel/test/identity/associations/daos/restaurant/PlatDAO.java
  - ./output/jpa-identity-associations/src/main/javagen/topmodel/test/identity/associations/daos/restaurant/PromotionDAO.java
  - ./output/jpa-identity-associations/src/main/javagen/topmodel/test/identity/associations/daos/restaurant/PromotionPlatDAO.java
  - ./output/jpa-identity-associations/src/main/javagen/topmodel/test/identity/associations/daos/restaurant/ReservationDAO.java
  - ./output/jpa-identity-associations/src/main/javagen/topmodel/test/identity/associations/daos/restaurant/RestaurantDAO.java
  - ./output/jpa-identity-associations/src/main/javagen/topmodel/test/identity/associations/daos/restaurant/TableClientDAO.java
  - ./output/jpa-identity-associations/src/main/javagen/topmodel/test/identity/associations/dtos/restaurant/AvisClientItem.java
  - ./output/jpa-identity-associations/src/main/javagen/topmodel/test/identity/associations/dtos/restaurant/AvisClientRead.java
  - ./output/jpa-identity-associations/src/main/javagen/topmodel/test/identity/associations/dtos/restaurant/AvisClientWrite.java
  - ./output/jpa-identity-associations/src/main/javagen/topmodel/test/identity/associations/dtos/restaurant/ClientAvecCommandes.java
  - ./output/jpa-identity-associations/src/main/javagen/topmodel/test/identity/associations/dtos/restaurant/ClientItem.java
  - ./output/jpa-identity-associations/src/main/javagen/topmodel/test/identity/associations/dtos/restaurant/ClientMinimal.java
  - ./output/jpa-identity-associations/src/main/javagen/topmodel/test/identity/associations/dtos/restaurant/ClientRead.java
  - ./output/jpa-identity-associations/src/main/javagen/topmodel/test/identity/associations/dtos/restaurant/ClientWrite.java
  - ./output/jpa-identity-associations/src/main/javagen/topmodel/test/identity/associations/dtos/restaurant/CommandeAuditee.java
  - ./output/jpa-identity-associations/src/main/javagen/topmodel/test/identity/associations/dtos/restaurant/CommandeDetailRead.java
  - ./output/jpa-identity-associations/src/main/javagen/topmodel/test/identity/associations/dtos/restaurant/CommandeItem.java
  - ./output/jpa-identity-associations/src/main/javagen/topmodel/test/identity/associations/dtos/restaurant/CommandeRead.java
  - ./output/jpa-identity-associations/src/main/javagen/topmodel/test/identity/associations/dtos/restaurant/CommandeResume.java
  - ./output/jpa-identity-associations/src/main/javagen/topmodel/test/identity/associations/dtos/restaurant/CommandeWrite.java
  - ./output/jpa-identity-associations/src/main/javagen/topmodel/test/identity/associations/dtos/restaurant/EmployeItem.java
  - ./output/jpa-identity-associations/src/main/javagen/topmodel/test/identity/associations/dtos/restaurant/EmployeRead.java
  - ./output/jpa-identity-associations/src/main/javagen/topmodel/test/identity/associations/dtos/restaurant/EmployeWrite.java
  - ./output/jpa-identity-associations/src/main/javagen/topmodel/test/identity/associations/dtos/restaurant/LigneCommandeItem.java
  - ./output/jpa-identity-associations/src/main/javagen/topmodel/test/identity/associations/dtos/restaurant/LigneCommandeRead.java
  - ./output/jpa-identity-associations/src/main/javagen/topmodel/test/identity/associations/dtos/restaurant/LigneCommandeWrite.java
  - ./output/jpa-identity-associations/src/main/javagen/topmodel/test/identity/associations/dtos/restaurant/MenuComplet.java
  - ./output/jpa-identity-associations/src/main/javagen/topmodel/test/identity/associations/dtos/restaurant/MenuItem.java
  - ./output/jpa-identity-associations/src/main/javagen/topmodel/test/identity/associations/dtos/restaurant/MenuRead.java
  - ./output/jpa-identity-associations/src/main/javagen/topmodel/test/identity/associations/dtos/restaurant/MenuWrite.java
  - ./output/jpa-identity-associations/src/main/javagen/topmodel/test/identity/associations/dtos/restaurant/PlatAvecDetails.java
  - ./output/jpa-identity-associations/src/main/javagen/topmodel/test/identity/associations/dtos/restaurant/PlatItem.java
  - ./output/jpa-identity-associations/src/main/javagen/topmodel/test/identity/associations/dtos/restaurant/PlatRead.java
  - ./output/jpa-identity-associations/src/main/javagen/topmodel/test/identity/associations/dtos/restaurant/PlatWrite.java
  - ./output/jpa-identity-associations/src/main/javagen/topmodel/test/identity/associations/dtos/restaurant/PromotionItem.java
  - ./output/jpa-identity-associations/src/main/javagen/topmodel/test/identity/associations/dtos/restaurant/PromotionRead.java
  - ./output/jpa-identity-associations/src/main/javagen/topmodel/test/identity/associations/dtos/restaurant/PromotionWrite.java
  - ./output/jpa-identity-associations/src/main/javagen/topmodel/test/identity/associations/dtos/restaurant/ReservationAvecDetails.java
  - ./output/jpa-identity-associations/src/main/javagen/topmodel/test/identity/associations/dtos/restaurant/ReservationItem.java
  - ./output/jpa-identity-associations/src/main/javagen/topmodel/test/identity/associations/dtos/restaurant/ReservationRead.java
  - ./output/jpa-identity-associations/src/main/javagen/topmodel/test/identity/associations/dtos/restaurant/ReservationWrite.java
  - ./output/jpa-identity-associations/src/main/javagen/topmodel/test/identity/associations/dtos/restaurant/RestaurantAvecStatistiques.java
  - ./output/jpa-identity-associations/src/main/javagen/topmodel/test/identity/associations/dtos/restaurant/RestaurantItem.java
  - ./output/jpa-identity-associations/src/main/javagen/topmodel/test/identity/associations/dtos/restaurant/RestaurantRead.java
  - ./output/jpa-identity-associations/src/main/javagen/topmodel/test/identity/associations/dtos/restaurant/RestaurantVersionne.java
  - ./output/jpa-identity-associations/src/main/javagen/topmodel/test/identity/associations/dtos/restaurant/RestaurantWrite.java
  - ./output/jpa-identity-associations/src/main/javagen/topmodel/test/identity/associations/dtos/restaurant/StatistiquesRestaurant.java
  - ./output/jpa-identity-associations/src/main/javagen/topmodel/test/identity/associations/dtos/restaurant/TableClientItem.java
  - ./output/jpa-identity-associations/src/main/javagen/topmodel/test/identity/associations/dtos/restaurant/TableClientRead.java
  - ./output/jpa-identity-associations/src/main/javagen/topmodel/test/identity/associations/dtos/restaurant/TableClientWrite.java
  - ./output/jpa-identity-associations/src/main/javagen/topmodel/test/identity/associations/entities/restaurant/AvisClient_.java
  - ./output/jpa-identity-associations/src/main/javagen/topmodel/test/identity/associations/entities/restaurant/AvisClient.java
  - ./output/jpa-identity-associations/src/main/javagen/topmodel/test/identity/associations/entities/restaurant/CategoriePlat_.java
  - ./output/jpa-identity-associations/src/main/javagen/topmodel/test/identity/associations/entities/restaurant/CategoriePlat.java
  - ./output/jpa-identity-associations/src/main/javagen/topmodel/test/identity/associations/entities/restaurant/Client_.java
  - ./output/jpa-identity-associations/src/main/javagen/topmodel/test/identity/associations/entities/restaurant/Client.java
  - ./output/jpa-identity-associations/src/main/javagen/topmodel/test/identity/associations/entities/restaurant/Commande_.java
  - ./output/jpa-identity-associations/src/main/javagen/topmodel/test/identity/associations/entities/restaurant/Commande.java
  - ./output/jpa-identity-associations/src/main/javagen/topmodel/test/identity/associations/entities/restaurant/CommandeExport_.java
  - ./output/jpa-identity-associations/src/main/javagen/topmodel/test/identity/associations/entities/restaurant/CommandeExport.java
  - ./output/jpa-identity-associations/src/main/javagen/topmodel/test/identity/associations/entities/restaurant/Employe_.java
  - ./output/jpa-identity-associations/src/main/javagen/topmodel/test/identity/associations/entities/restaurant/Employe.java
  - ./output/jpa-identity-associations/src/main/javagen/topmodel/test/identity/associations/entities/restaurant/LigneCommande_.java
  - ./output/jpa-identity-associations/src/main/javagen/topmodel/test/identity/associations/entities/restaurant/LigneCommande.java
  - ./output/jpa-identity-associations/src/main/javagen/topmodel/test/identity/associations/entities/restaurant/Menu_.java
  - ./output/jpa-identity-associations/src/main/javagen/topmodel/test/identity/associations/entities/restaurant/Menu.java
  - ./output/jpa-identity-associations/src/main/javagen/topmodel/test/identity/associations/entities/restaurant/MenuPlat_.java
  - ./output/jpa-identity-associations/src/main/javagen/topmodel/test/identity/associations/entities/restaurant/MenuPlat.java
  - ./output/jpa-identity-associations/src/main/javagen/topmodel/test/identity/associations/entities/restaurant/Personne_.java
  - ./output/jpa-identity-associations/src/main/javagen/topmodel/test/identity/associations/entities/restaurant/Personne.java
  - ./output/jpa-identity-associations/src/main/javagen/topmodel/test/identity/associations/entities/restaurant/Plat_.java
  - ./output/jpa-identity-associations/src/main/javagen/topmodel/test/identity/associations/entities/restaurant/Plat.java
  - ./output/jpa-identity-associations/src/main/javagen/topmodel/test/identity/associations/entities/restaurant/Promotion_.java
  - ./output/jpa-identity-associations/src/main/javagen/topmodel/test/identity/associations/entities/restaurant/Promotion.java
  - ./output/jpa-identity-associations/src/main/javagen/topmodel/test/identity/associations/entities/restaurant/PromotionPlat_.java
  - ./output/jpa-identity-associations/src/main/javagen/topmodel/test/identity/associations/entities/restaurant/PromotionPlat.java
  - ./output/jpa-identity-associations/src/main/javagen/topmodel/test/identity/associations/entities/restaurant/Reservation_.java
  - ./output/jpa-identity-associations/src/main/javagen/topmodel/test/identity/associations/entities/restaurant/Reservation.java
  - ./output/jpa-identity-associations/src/main/javagen/topmodel/test/identity/associations/entities/restaurant/Restaurant_.java
  - ./output/jpa-identity-associations/src/main/javagen/topmodel/test/identity/associations/entities/restaurant/Restaurant.java
  - ./output/jpa-identity-associations/src/main/javagen/topmodel/test/identity/associations/entities/restaurant/RestaurantMappers.java
  - ./output/jpa-identity-associations/src/main/javagen/topmodel/test/identity/associations/entities/restaurant/StatutCommande_.java
  - ./output/jpa-identity-associations/src/main/javagen/topmodel/test/identity/associations/entities/restaurant/StatutCommande.java
  - ./output/jpa-identity-associations/src/main/javagen/topmodel/test/identity/associations/entities/restaurant/TableClient_.java
  - ./output/jpa-identity-associations/src/main/javagen/topmodel/test/identity/associations/entities/restaurant/TableClient.java
  - ./output/jpa-identity-associations/src/main/javagen/topmodel/test/identity/associations/enums/restaurant/CategoriePlatCode.java
  - ./output/jpa-identity-associations/src/main/javagen/topmodel/test/identity/associations/enums/restaurant/StatutCommandeCode.java
  - ./output/jpa-identity-associations/src/main/resources/i18n/model/restaurant.properties
  - ./output/jpa-identity-enums/src/main/javagen/topmodel/test/identity/enums/api/server/restaurant/AdvancedEndpointsController.java
  - ./output/jpa-identity-enums/src/main/javagen/topmodel/test/identity/enums/api/server/restaurant/EndpointsController.java
  - ./output/jpa-identity-enums/src/main/javagen/topmodel/test/identity/enums/daos/restaurant/AvisClientDAO.java
  - ./output/jpa-identity-enums/src/main/javagen/topmodel/test/identity/enums/daos/restaurant/ClientDAO.java
  - ./output/jpa-identity-enums/src/main/javagen/topmodel/test/identity/enums/daos/restaurant/CommandeDAO.java
  - ./output/jpa-identity-enums/src/main/javagen/topmodel/test/identity/enums/daos/restaurant/CommandeExportDAO.java
  - ./output/jpa-identity-enums/src/main/javagen/topmodel/test/identity/enums/daos/restaurant/EmployeDAO.java
  - ./output/jpa-identity-enums/src/main/javagen/topmodel/test/identity/enums/daos/restaurant/LigneCommandeDAO.java
  - ./output/jpa-identity-enums/src/main/javagen/topmodel/test/identity/enums/daos/restaurant/MenuDAO.java
  - ./output/jpa-identity-enums/src/main/javagen/topmodel/test/identity/enums/daos/restaurant/MenuPlatDAO.java
  - ./output/jpa-identity-enums/src/main/javagen/topmodel/test/identity/enums/daos/restaurant/PersonneDAO.java
  - ./output/jpa-identity-enums/src/main/javagen/topmodel/test/identity/enums/daos/restaurant/PlatDAO.java
  - ./output/jpa-identity-enums/src/main/javagen/topmodel/test/identity/enums/daos/restaurant/PromotionDAO.java
  - ./output/jpa-identity-enums/src/main/javagen/topmodel/test/identity/enums/daos/restaurant/PromotionPlatDAO.java
  - ./output/jpa-identity-enums/src/main/javagen/topmodel/test/identity/enums/daos/restaurant/ReservationDAO.java
  - ./output/jpa-identity-enums/src/main/javagen/topmodel/test/identity/enums/daos/restaurant/RestaurantDAO.java
  - ./output/jpa-identity-enums/src/main/javagen/topmodel/test/identity/enums/daos/restaurant/TableClientDAO.java
  - ./output/jpa-identity-enums/src/main/javagen/topmodel/test/identity/enums/dtos/restaurant/AvisClientItem.java
  - ./output/jpa-identity-enums/src/main/javagen/topmodel/test/identity/enums/dtos/restaurant/AvisClientRead.java
  - ./output/jpa-identity-enums/src/main/javagen/topmodel/test/identity/enums/dtos/restaurant/AvisClientWrite.java
  - ./output/jpa-identity-enums/src/main/javagen/topmodel/test/identity/enums/dtos/restaurant/ClientAvecCommandes.java
  - ./output/jpa-identity-enums/src/main/javagen/topmodel/test/identity/enums/dtos/restaurant/ClientItem.java
  - ./output/jpa-identity-enums/src/main/javagen/topmodel/test/identity/enums/dtos/restaurant/ClientMinimal.java
  - ./output/jpa-identity-enums/src/main/javagen/topmodel/test/identity/enums/dtos/restaurant/ClientRead.java
  - ./output/jpa-identity-enums/src/main/javagen/topmodel/test/identity/enums/dtos/restaurant/ClientWrite.java
  - ./output/jpa-identity-enums/src/main/javagen/topmodel/test/identity/enums/dtos/restaurant/CommandeAuditee.java
  - ./output/jpa-identity-enums/src/main/javagen/topmodel/test/identity/enums/dtos/restaurant/CommandeDetailRead.java
  - ./output/jpa-identity-enums/src/main/javagen/topmodel/test/identity/enums/dtos/restaurant/CommandeItem.java
  - ./output/jpa-identity-enums/src/main/javagen/topmodel/test/identity/enums/dtos/restaurant/CommandeRead.java
  - ./output/jpa-identity-enums/src/main/javagen/topmodel/test/identity/enums/dtos/restaurant/CommandeResume.java
  - ./output/jpa-identity-enums/src/main/javagen/topmodel/test/identity/enums/dtos/restaurant/CommandeWrite.java
  - ./output/jpa-identity-enums/src/main/javagen/topmodel/test/identity/enums/dtos/restaurant/EmployeItem.java
  - ./output/jpa-identity-enums/src/main/javagen/topmodel/test/identity/enums/dtos/restaurant/EmployeRead.java
  - ./output/jpa-identity-enums/src/main/javagen/topmodel/test/identity/enums/dtos/restaurant/EmployeWrite.java
  - ./output/jpa-identity-enums/src/main/javagen/topmodel/test/identity/enums/dtos/restaurant/LigneCommandeItem.java
  - ./output/jpa-identity-enums/src/main/javagen/topmodel/test/identity/enums/dtos/restaurant/LigneCommandeRead.java
  - ./output/jpa-identity-enums/src/main/javagen/topmodel/test/identity/enums/dtos/restaurant/LigneCommandeWrite.java
  - ./output/jpa-identity-enums/src/main/javagen/topmodel/test/identity/enums/dtos/restaurant/MenuComplet.java
  - ./output/jpa-identity-enums/src/main/javagen/topmodel/test/identity/enums/dtos/restaurant/MenuItem.java
  - ./output/jpa-identity-enums/src/main/javagen/topmodel/test/identity/enums/dtos/restaurant/MenuRead.java
  - ./output/jpa-identity-enums/src/main/javagen/topmodel/test/identity/enums/dtos/restaurant/MenuWrite.java
  - ./output/jpa-identity-enums/src/main/javagen/topmodel/test/identity/enums/dtos/restaurant/PlatAvecDetails.java
  - ./output/jpa-identity-enums/src/main/javagen/topmodel/test/identity/enums/dtos/restaurant/PlatItem.java
  - ./output/jpa-identity-enums/src/main/javagen/topmodel/test/identity/enums/dtos/restaurant/PlatRead.java
  - ./output/jpa-identity-enums/src/main/javagen/topmodel/test/identity/enums/dtos/restaurant/PlatWrite.java
  - ./output/jpa-identity-enums/src/main/javagen/topmodel/test/identity/enums/dtos/restaurant/PromotionItem.java
  - ./output/jpa-identity-enums/src/main/javagen/topmodel/test/identity/enums/dtos/restaurant/PromotionRead.java
  - ./output/jpa-identity-enums/src/main/javagen/topmodel/test/identity/enums/dtos/restaurant/PromotionWrite.java
  - ./output/jpa-identity-enums/src/main/javagen/topmodel/test/identity/enums/dtos/restaurant/ReservationAvecDetails.java
  - ./output/jpa-identity-enums/src/main/javagen/topmodel/test/identity/enums/dtos/restaurant/ReservationItem.java
  - ./output/jpa-identity-enums/src/main/javagen/topmodel/test/identity/enums/dtos/restaurant/ReservationRead.java
  - ./output/jpa-identity-enums/src/main/javagen/topmodel/test/identity/enums/dtos/restaurant/ReservationWrite.java
  - ./output/jpa-identity-enums/src/main/javagen/topmodel/test/identity/enums/dtos/restaurant/RestaurantAvecStatistiques.java
  - ./output/jpa-identity-enums/src/main/javagen/topmodel/test/identity/enums/dtos/restaurant/RestaurantItem.java
  - ./output/jpa-identity-enums/src/main/javagen/topmodel/test/identity/enums/dtos/restaurant/RestaurantRead.java
  - ./output/jpa-identity-enums/src/main/javagen/topmodel/test/identity/enums/dtos/restaurant/RestaurantVersionne.java
  - ./output/jpa-identity-enums/src/main/javagen/topmodel/test/identity/enums/dtos/restaurant/RestaurantWrite.java
  - ./output/jpa-identity-enums/src/main/javagen/topmodel/test/identity/enums/dtos/restaurant/StatistiquesRestaurant.java
  - ./output/jpa-identity-enums/src/main/javagen/topmodel/test/identity/enums/dtos/restaurant/TableClientItem.java
  - ./output/jpa-identity-enums/src/main/javagen/topmodel/test/identity/enums/dtos/restaurant/TableClientRead.java
  - ./output/jpa-identity-enums/src/main/javagen/topmodel/test/identity/enums/dtos/restaurant/TableClientWrite.java
  - ./output/jpa-identity-enums/src/main/javagen/topmodel/test/identity/enums/entities/restaurant/AvisClient.java
  - ./output/jpa-identity-enums/src/main/javagen/topmodel/test/identity/enums/entities/restaurant/Client.java
  - ./output/jpa-identity-enums/src/main/javagen/topmodel/test/identity/enums/entities/restaurant/Commande.java
  - ./output/jpa-identity-enums/src/main/javagen/topmodel/test/identity/enums/entities/restaurant/CommandeExport.java
  - ./output/jpa-identity-enums/src/main/javagen/topmodel/test/identity/enums/entities/restaurant/Employe.java
  - ./output/jpa-identity-enums/src/main/javagen/topmodel/test/identity/enums/entities/restaurant/LigneCommande.java
  - ./output/jpa-identity-enums/src/main/javagen/topmodel/test/identity/enums/entities/restaurant/Menu.java
  - ./output/jpa-identity-enums/src/main/javagen/topmodel/test/identity/enums/entities/restaurant/MenuPlat.java
  - ./output/jpa-identity-enums/src/main/javagen/topmodel/test/identity/enums/entities/restaurant/Personne.java
  - ./output/jpa-identity-enums/src/main/javagen/topmodel/test/identity/enums/entities/restaurant/Plat.java
  - ./output/jpa-identity-enums/src/main/javagen/topmodel/test/identity/enums/entities/restaurant/Promotion.java
  - ./output/jpa-identity-enums/src/main/javagen/topmodel/test/identity/enums/entities/restaurant/PromotionPlat.java
  - ./output/jpa-identity-enums/src/main/javagen/topmodel/test/identity/enums/entities/restaurant/Reservation.java
  - ./output/jpa-identity-enums/src/main/javagen/topmodel/test/identity/enums/entities/restaurant/Restaurant.java
  - ./output/jpa-identity-enums/src/main/javagen/topmodel/test/identity/enums/entities/restaurant/RestaurantMappers.java
  - ./output/jpa-identity-enums/src/main/javagen/topmodel/test/identity/enums/entities/restaurant/TableClient.java
  - ./output/jpa-identity-enums/src/main/javagen/topmodel/test/identity/enums/enums/restaurant/CategoriePlat.java
  - ./output/jpa-identity-enums/src/main/javagen/topmodel/test/identity/enums/enums/restaurant/StatutCommande.java
  - ./output/jpa-identity-enums/src/main/resources/i18n/model/restaurant.properties
  - ./output/jpa-sequence-metamodel/src/main/javagen/topmodel/test/sequence/metamodel/api/server/restaurant/AdvancedEndpointsController.java
  - ./output/jpa-sequence-metamodel/src/main/javagen/topmodel/test/sequence/metamodel/api/server/restaurant/EndpointsController.java
  - ./output/jpa-sequence-metamodel/src/main/javagen/topmodel/test/sequence/metamodel/daos/restaurant/AvisClientDAO.java
  - ./output/jpa-sequence-metamodel/src/main/javagen/topmodel/test/sequence/metamodel/daos/restaurant/ClientDAO.java
  - ./output/jpa-sequence-metamodel/src/main/javagen/topmodel/test/sequence/metamodel/daos/restaurant/CommandeDAO.java
  - ./output/jpa-sequence-metamodel/src/main/javagen/topmodel/test/sequence/metamodel/daos/restaurant/CommandeExportDAO.java
  - ./output/jpa-sequence-metamodel/src/main/javagen/topmodel/test/sequence/metamodel/daos/restaurant/EmployeDAO.java
  - ./output/jpa-sequence-metamodel/src/main/javagen/topmodel/test/sequence/metamodel/daos/restaurant/LigneCommandeDAO.java
  - ./output/jpa-sequence-metamodel/src/main/javagen/topmodel/test/sequence/metamodel/daos/restaurant/MenuDAO.java
  - ./output/jpa-sequence-metamodel/src/main/javagen/topmodel/test/sequence/metamodel/daos/restaurant/MenuPlatDAO.java
  - ./output/jpa-sequence-metamodel/src/main/javagen/topmodel/test/sequence/metamodel/daos/restaurant/PersonneDAO.java
  - ./output/jpa-sequence-metamodel/src/main/javagen/topmodel/test/sequence/metamodel/daos/restaurant/PlatDAO.java
  - ./output/jpa-sequence-metamodel/src/main/javagen/topmodel/test/sequence/metamodel/daos/restaurant/PromotionDAO.java
  - ./output/jpa-sequence-metamodel/src/main/javagen/topmodel/test/sequence/metamodel/daos/restaurant/PromotionPlatDAO.java
  - ./output/jpa-sequence-metamodel/src/main/javagen/topmodel/test/sequence/metamodel/daos/restaurant/ReservationDAO.java
  - ./output/jpa-sequence-metamodel/src/main/javagen/topmodel/test/sequence/metamodel/daos/restaurant/RestaurantDAO.java
  - ./output/jpa-sequence-metamodel/src/main/javagen/topmodel/test/sequence/metamodel/daos/restaurant/TableClientDAO.java
  - ./output/jpa-sequence-metamodel/src/main/javagen/topmodel/test/sequence/metamodel/dtos/restaurant/AvisClientItem.java
  - ./output/jpa-sequence-metamodel/src/main/javagen/topmodel/test/sequence/metamodel/dtos/restaurant/AvisClientRead.java
  - ./output/jpa-sequence-metamodel/src/main/javagen/topmodel/test/sequence/metamodel/dtos/restaurant/AvisClientWrite.java
  - ./output/jpa-sequence-metamodel/src/main/javagen/topmodel/test/sequence/metamodel/dtos/restaurant/ClientAvecCommandes.java
  - ./output/jpa-sequence-metamodel/src/main/javagen/topmodel/test/sequence/metamodel/dtos/restaurant/ClientItem.java
  - ./output/jpa-sequence-metamodel/src/main/javagen/topmodel/test/sequence/metamodel/dtos/restaurant/ClientMinimal.java
  - ./output/jpa-sequence-metamodel/src/main/javagen/topmodel/test/sequence/metamodel/dtos/restaurant/ClientRead.java
  - ./output/jpa-sequence-metamodel/src/main/javagen/topmodel/test/sequence/metamodel/dtos/restaurant/ClientWrite.java
  - ./output/jpa-sequence-metamodel/src/main/javagen/topmodel/test/sequence/metamodel/dtos/restaurant/CommandeAuditee.java
  - ./output/jpa-sequence-metamodel/src/main/javagen/topmodel/test/sequence/metamodel/dtos/restaurant/CommandeDetailRead.java
  - ./output/jpa-sequence-metamodel/src/main/javagen/topmodel/test/sequence/metamodel/dtos/restaurant/CommandeItem.java
  - ./output/jpa-sequence-metamodel/src/main/javagen/topmodel/test/sequence/metamodel/dtos/restaurant/CommandeRead.java
  - ./output/jpa-sequence-metamodel/src/main/javagen/topmodel/test/sequence/metamodel/dtos/restaurant/CommandeResume.java
  - ./output/jpa-sequence-metamodel/src/main/javagen/topmodel/test/sequence/metamodel/dtos/restaurant/CommandeWrite.java
  - ./output/jpa-sequence-metamodel/src/main/javagen/topmodel/test/sequence/metamodel/dtos/restaurant/EmployeItem.java
  - ./output/jpa-sequence-metamodel/src/main/javagen/topmodel/test/sequence/metamodel/dtos/restaurant/EmployeRead.java
  - ./output/jpa-sequence-metamodel/src/main/javagen/topmodel/test/sequence/metamodel/dtos/restaurant/EmployeWrite.java
  - ./output/jpa-sequence-metamodel/src/main/javagen/topmodel/test/sequence/metamodel/dtos/restaurant/LigneCommandeItem.java
  - ./output/jpa-sequence-metamodel/src/main/javagen/topmodel/test/sequence/metamodel/dtos/restaurant/LigneCommandeRead.java
  - ./output/jpa-sequence-metamodel/src/main/javagen/topmodel/test/sequence/metamodel/dtos/restaurant/LigneCommandeWrite.java
  - ./output/jpa-sequence-metamodel/src/main/javagen/topmodel/test/sequence/metamodel/dtos/restaurant/MenuComplet.java
  - ./output/jpa-sequence-metamodel/src/main/javagen/topmodel/test/sequence/metamodel/dtos/restaurant/MenuItem.java
  - ./output/jpa-sequence-metamodel/src/main/javagen/topmodel/test/sequence/metamodel/dtos/restaurant/MenuRead.java
  - ./output/jpa-sequence-metamodel/src/main/javagen/topmodel/test/sequence/metamodel/dtos/restaurant/MenuWrite.java
  - ./output/jpa-sequence-metamodel/src/main/javagen/topmodel/test/sequence/metamodel/dtos/restaurant/PlatAvecDetails.java
  - ./output/jpa-sequence-metamodel/src/main/javagen/topmodel/test/sequence/metamodel/dtos/restaurant/PlatItem.java
  - ./output/jpa-sequence-metamodel/src/main/javagen/topmodel/test/sequence/metamodel/dtos/restaurant/PlatRead.java
  - ./output/jpa-sequence-metamodel/src/main/javagen/topmodel/test/sequence/metamodel/dtos/restaurant/PlatWrite.java
  - ./output/jpa-sequence-metamodel/src/main/javagen/topmodel/test/sequence/metamodel/dtos/restaurant/PromotionItem.java
  - ./output/jpa-sequence-metamodel/src/main/javagen/topmodel/test/sequence/metamodel/dtos/restaurant/PromotionRead.java
  - ./output/jpa-sequence-metamodel/src/main/javagen/topmodel/test/sequence/metamodel/dtos/restaurant/PromotionWrite.java
  - ./output/jpa-sequence-metamodel/src/main/javagen/topmodel/test/sequence/metamodel/dtos/restaurant/ReservationAvecDetails.java
  - ./output/jpa-sequence-metamodel/src/main/javagen/topmodel/test/sequence/metamodel/dtos/restaurant/ReservationItem.java
  - ./output/jpa-sequence-metamodel/src/main/javagen/topmodel/test/sequence/metamodel/dtos/restaurant/ReservationRead.java
  - ./output/jpa-sequence-metamodel/src/main/javagen/topmodel/test/sequence/metamodel/dtos/restaurant/ReservationWrite.java
  - ./output/jpa-sequence-metamodel/src/main/javagen/topmodel/test/sequence/metamodel/dtos/restaurant/RestaurantAvecStatistiques.java
  - ./output/jpa-sequence-metamodel/src/main/javagen/topmodel/test/sequence/metamodel/dtos/restaurant/RestaurantItem.java
  - ./output/jpa-sequence-metamodel/src/main/javagen/topmodel/test/sequence/metamodel/dtos/restaurant/RestaurantRead.java
  - ./output/jpa-sequence-metamodel/src/main/javagen/topmodel/test/sequence/metamodel/dtos/restaurant/RestaurantVersionne.java
  - ./output/jpa-sequence-metamodel/src/main/javagen/topmodel/test/sequence/metamodel/dtos/restaurant/RestaurantWrite.java
  - ./output/jpa-sequence-metamodel/src/main/javagen/topmodel/test/sequence/metamodel/dtos/restaurant/StatistiquesRestaurant.java
  - ./output/jpa-sequence-metamodel/src/main/javagen/topmodel/test/sequence/metamodel/dtos/restaurant/TableClientItem.java
  - ./output/jpa-sequence-metamodel/src/main/javagen/topmodel/test/sequence/metamodel/dtos/restaurant/TableClientRead.java
  - ./output/jpa-sequence-metamodel/src/main/javagen/topmodel/test/sequence/metamodel/dtos/restaurant/TableClientWrite.java
  - ./output/jpa-sequence-metamodel/src/main/javagen/topmodel/test/sequence/metamodel/entities/restaurant/AvisClient_.java
  - ./output/jpa-sequence-metamodel/src/main/javagen/topmodel/test/sequence/metamodel/entities/restaurant/AvisClient.java
  - ./output/jpa-sequence-metamodel/src/main/javagen/topmodel/test/sequence/metamodel/entities/restaurant/CategoriePlat_.java
  - ./output/jpa-sequence-metamodel/src/main/javagen/topmodel/test/sequence/metamodel/entities/restaurant/CategoriePlat.java
  - ./output/jpa-sequence-metamodel/src/main/javagen/topmodel/test/sequence/metamodel/entities/restaurant/Client_.java
  - ./output/jpa-sequence-metamodel/src/main/javagen/topmodel/test/sequence/metamodel/entities/restaurant/Client.java
  - ./output/jpa-sequence-metamodel/src/main/javagen/topmodel/test/sequence/metamodel/entities/restaurant/Commande_.java
  - ./output/jpa-sequence-metamodel/src/main/javagen/topmodel/test/sequence/metamodel/entities/restaurant/Commande.java
  - ./output/jpa-sequence-metamodel/src/main/javagen/topmodel/test/sequence/metamodel/entities/restaurant/CommandeExport_.java
  - ./output/jpa-sequence-metamodel/src/main/javagen/topmodel/test/sequence/metamodel/entities/restaurant/CommandeExport.java
  - ./output/jpa-sequence-metamodel/src/main/javagen/topmodel/test/sequence/metamodel/entities/restaurant/Employe_.java
  - ./output/jpa-sequence-metamodel/src/main/javagen/topmodel/test/sequence/metamodel/entities/restaurant/Employe.java
  - ./output/jpa-sequence-metamodel/src/main/javagen/topmodel/test/sequence/metamodel/entities/restaurant/LigneCommande_.java
  - ./output/jpa-sequence-metamodel/src/main/javagen/topmodel/test/sequence/metamodel/entities/restaurant/LigneCommande.java
  - ./output/jpa-sequence-metamodel/src/main/javagen/topmodel/test/sequence/metamodel/entities/restaurant/Menu_.java
  - ./output/jpa-sequence-metamodel/src/main/javagen/topmodel/test/sequence/metamodel/entities/restaurant/Menu.java
  - ./output/jpa-sequence-metamodel/src/main/javagen/topmodel/test/sequence/metamodel/entities/restaurant/MenuPlat_.java
  - ./output/jpa-sequence-metamodel/src/main/javagen/topmodel/test/sequence/metamodel/entities/restaurant/MenuPlat.java
  - ./output/jpa-sequence-metamodel/src/main/javagen/topmodel/test/sequence/metamodel/entities/restaurant/Personne_.java
  - ./output/jpa-sequence-metamodel/src/main/javagen/topmodel/test/sequence/metamodel/entities/restaurant/Personne.java
  - ./output/jpa-sequence-metamodel/src/main/javagen/topmodel/test/sequence/metamodel/entities/restaurant/Plat_.java
  - ./output/jpa-sequence-metamodel/src/main/javagen/topmodel/test/sequence/metamodel/entities/restaurant/Plat.java
  - ./output/jpa-sequence-metamodel/src/main/javagen/topmodel/test/sequence/metamodel/entities/restaurant/Promotion_.java
  - ./output/jpa-sequence-metamodel/src/main/javagen/topmodel/test/sequence/metamodel/entities/restaurant/Promotion.java
  - ./output/jpa-sequence-metamodel/src/main/javagen/topmodel/test/sequence/metamodel/entities/restaurant/PromotionPlat_.java
  - ./output/jpa-sequence-metamodel/src/main/javagen/topmodel/test/sequence/metamodel/entities/restaurant/PromotionPlat.java
  - ./output/jpa-sequence-metamodel/src/main/javagen/topmodel/test/sequence/metamodel/entities/restaurant/Reservation_.java
  - ./output/jpa-sequence-metamodel/src/main/javagen/topmodel/test/sequence/metamodel/entities/restaurant/Reservation.java
  - ./output/jpa-sequence-metamodel/src/main/javagen/topmodel/test/sequence/metamodel/entities/restaurant/Restaurant_.java
  - ./output/jpa-sequence-metamodel/src/main/javagen/topmodel/test/sequence/metamodel/entities/restaurant/Restaurant.java
  - ./output/jpa-sequence-metamodel/src/main/javagen/topmodel/test/sequence/metamodel/entities/restaurant/RestaurantMappers.java
  - ./output/jpa-sequence-metamodel/src/main/javagen/topmodel/test/sequence/metamodel/entities/restaurant/StatutCommande_.java
  - ./output/jpa-sequence-metamodel/src/main/javagen/topmodel/test/sequence/metamodel/entities/restaurant/StatutCommande.java
  - ./output/jpa-sequence-metamodel/src/main/javagen/topmodel/test/sequence/metamodel/entities/restaurant/TableClient_.java
  - ./output/jpa-sequence-metamodel/src/main/javagen/topmodel/test/sequence/metamodel/entities/restaurant/TableClient.java
  - ./output/jpa-sequence-metamodel/src/main/javagen/topmodel/test/sequence/metamodel/enums/restaurant/CategoriePlatCode.java
  - ./output/jpa-sequence-metamodel/src/main/javagen/topmodel/test/sequence/metamodel/enums/restaurant/StatutCommandeCode.java
  - ./output/jpa-sequence-metamodel/src/main/resources/i18n/model/restaurant.properties
  - ./output/jpa-uuid-jdbc/src/main/javagen/topmodel/test/uuid/jdbc/api/server/restaurant/AdvancedEndpointsController.java
  - ./output/jpa-uuid-jdbc/src/main/javagen/topmodel/test/uuid/jdbc/api/server/restaurant/EndpointsController.java
  - ./output/jpa-uuid-jdbc/src/main/javagen/topmodel/test/uuid/jdbc/daos/restaurant/AvisClientDAO.java
  - ./output/jpa-uuid-jdbc/src/main/javagen/topmodel/test/uuid/jdbc/daos/restaurant/CategoriePlatDAO.java
  - ./output/jpa-uuid-jdbc/src/main/javagen/topmodel/test/uuid/jdbc/daos/restaurant/ClientDAO.java
  - ./output/jpa-uuid-jdbc/src/main/javagen/topmodel/test/uuid/jdbc/daos/restaurant/CommandeDAO.java
  - ./output/jpa-uuid-jdbc/src/main/javagen/topmodel/test/uuid/jdbc/daos/restaurant/CommandeExportDAO.java
  - ./output/jpa-uuid-jdbc/src/main/javagen/topmodel/test/uuid/jdbc/daos/restaurant/EmployeDAO.java
  - ./output/jpa-uuid-jdbc/src/main/javagen/topmodel/test/uuid/jdbc/daos/restaurant/LigneCommandeDAO.java
  - ./output/jpa-uuid-jdbc/src/main/javagen/topmodel/test/uuid/jdbc/daos/restaurant/MenuDAO.java
  - ./output/jpa-uuid-jdbc/src/main/javagen/topmodel/test/uuid/jdbc/daos/restaurant/MenuPlatDAO.java
  - ./output/jpa-uuid-jdbc/src/main/javagen/topmodel/test/uuid/jdbc/daos/restaurant/PersonneDAO.java
  - ./output/jpa-uuid-jdbc/src/main/javagen/topmodel/test/uuid/jdbc/daos/restaurant/PlatDAO.java
  - ./output/jpa-uuid-jdbc/src/main/javagen/topmodel/test/uuid/jdbc/daos/restaurant/PromotionDAO.java
  - ./output/jpa-uuid-jdbc/src/main/javagen/topmodel/test/uuid/jdbc/daos/restaurant/PromotionPlatDAO.java
  - ./output/jpa-uuid-jdbc/src/main/javagen/topmodel/test/uuid/jdbc/daos/restaurant/ReservationDAO.java
  - ./output/jpa-uuid-jdbc/src/main/javagen/topmodel/test/uuid/jdbc/daos/restaurant/RestaurantDAO.java
  - ./output/jpa-uuid-jdbc/src/main/javagen/topmodel/test/uuid/jdbc/daos/restaurant/StatutCommandeDAO.java
  - ./output/jpa-uuid-jdbc/src/main/javagen/topmodel/test/uuid/jdbc/daos/restaurant/TableClientDAO.java
  - ./output/jpa-uuid-jdbc/src/main/javagen/topmodel/test/uuid/jdbc/dtos/restaurant/AvisClientItem.java
  - ./output/jpa-uuid-jdbc/src/main/javagen/topmodel/test/uuid/jdbc/dtos/restaurant/AvisClientRead.java
  - ./output/jpa-uuid-jdbc/src/main/javagen/topmodel/test/uuid/jdbc/dtos/restaurant/AvisClientWrite.java
  - ./output/jpa-uuid-jdbc/src/main/javagen/topmodel/test/uuid/jdbc/dtos/restaurant/ClientAvecCommandes.java
  - ./output/jpa-uuid-jdbc/src/main/javagen/topmodel/test/uuid/jdbc/dtos/restaurant/ClientItem.java
  - ./output/jpa-uuid-jdbc/src/main/javagen/topmodel/test/uuid/jdbc/dtos/restaurant/ClientMinimal.java
  - ./output/jpa-uuid-jdbc/src/main/javagen/topmodel/test/uuid/jdbc/dtos/restaurant/ClientRead.java
  - ./output/jpa-uuid-jdbc/src/main/javagen/topmodel/test/uuid/jdbc/dtos/restaurant/ClientWrite.java
  - ./output/jpa-uuid-jdbc/src/main/javagen/topmodel/test/uuid/jdbc/dtos/restaurant/CommandeAuditee.java
  - ./output/jpa-uuid-jdbc/src/main/javagen/topmodel/test/uuid/jdbc/dtos/restaurant/CommandeDetailRead.java
  - ./output/jpa-uuid-jdbc/src/main/javagen/topmodel/test/uuid/jdbc/dtos/restaurant/CommandeItem.java
  - ./output/jpa-uuid-jdbc/src/main/javagen/topmodel/test/uuid/jdbc/dtos/restaurant/CommandeRead.java
  - ./output/jpa-uuid-jdbc/src/main/javagen/topmodel/test/uuid/jdbc/dtos/restaurant/CommandeResume.java
  - ./output/jpa-uuid-jdbc/src/main/javagen/topmodel/test/uuid/jdbc/dtos/restaurant/CommandeWrite.java
  - ./output/jpa-uuid-jdbc/src/main/javagen/topmodel/test/uuid/jdbc/dtos/restaurant/EmployeItem.java
  - ./output/jpa-uuid-jdbc/src/main/javagen/topmodel/test/uuid/jdbc/dtos/restaurant/EmployeRead.java
  - ./output/jpa-uuid-jdbc/src/main/javagen/topmodel/test/uuid/jdbc/dtos/restaurant/EmployeWrite.java
  - ./output/jpa-uuid-jdbc/src/main/javagen/topmodel/test/uuid/jdbc/dtos/restaurant/LigneCommandeItem.java
  - ./output/jpa-uuid-jdbc/src/main/javagen/topmodel/test/uuid/jdbc/dtos/restaurant/LigneCommandeRead.java
  - ./output/jpa-uuid-jdbc/src/main/javagen/topmodel/test/uuid/jdbc/dtos/restaurant/LigneCommandeWrite.java
  - ./output/jpa-uuid-jdbc/src/main/javagen/topmodel/test/uuid/jdbc/dtos/restaurant/MenuComplet.java
  - ./output/jpa-uuid-jdbc/src/main/javagen/topmodel/test/uuid/jdbc/dtos/restaurant/MenuItem.java
  - ./output/jpa-uuid-jdbc/src/main/javagen/topmodel/test/uuid/jdbc/dtos/restaurant/MenuRead.java
  - ./output/jpa-uuid-jdbc/src/main/javagen/topmodel/test/uuid/jdbc/dtos/restaurant/MenuWrite.java
  - ./output/jpa-uuid-jdbc/src/main/javagen/topmodel/test/uuid/jdbc/dtos/restaurant/PlatAvecDetails.java
  - ./output/jpa-uuid-jdbc/src/main/javagen/topmodel/test/uuid/jdbc/dtos/restaurant/PlatItem.java
  - ./output/jpa-uuid-jdbc/src/main/javagen/topmodel/test/uuid/jdbc/dtos/restaurant/PlatRead.java
  - ./output/jpa-uuid-jdbc/src/main/javagen/topmodel/test/uuid/jdbc/dtos/restaurant/PlatWrite.java
  - ./output/jpa-uuid-jdbc/src/main/javagen/topmodel/test/uuid/jdbc/dtos/restaurant/PromotionItem.java
  - ./output/jpa-uuid-jdbc/src/main/javagen/topmodel/test/uuid/jdbc/dtos/restaurant/PromotionRead.java
  - ./output/jpa-uuid-jdbc/src/main/javagen/topmodel/test/uuid/jdbc/dtos/restaurant/PromotionWrite.java
  - ./output/jpa-uuid-jdbc/src/main/javagen/topmodel/test/uuid/jdbc/dtos/restaurant/ReservationAvecDetails.java
  - ./output/jpa-uuid-jdbc/src/main/javagen/topmodel/test/uuid/jdbc/dtos/restaurant/ReservationItem.java
  - ./output/jpa-uuid-jdbc/src/main/javagen/topmodel/test/uuid/jdbc/dtos/restaurant/ReservationRead.java
  - ./output/jpa-uuid-jdbc/src/main/javagen/topmodel/test/uuid/jdbc/dtos/restaurant/ReservationWrite.java
  - ./output/jpa-uuid-jdbc/src/main/javagen/topmodel/test/uuid/jdbc/dtos/restaurant/RestaurantAvecStatistiques.java
  - ./output/jpa-uuid-jdbc/src/main/javagen/topmodel/test/uuid/jdbc/dtos/restaurant/RestaurantItem.java
  - ./output/jpa-uuid-jdbc/src/main/javagen/topmodel/test/uuid/jdbc/dtos/restaurant/RestaurantRead.java
  - ./output/jpa-uuid-jdbc/src/main/javagen/topmodel/test/uuid/jdbc/dtos/restaurant/RestaurantVersionne.java
  - ./output/jpa-uuid-jdbc/src/main/javagen/topmodel/test/uuid/jdbc/dtos/restaurant/RestaurantWrite.java
  - ./output/jpa-uuid-jdbc/src/main/javagen/topmodel/test/uuid/jdbc/dtos/restaurant/StatistiquesRestaurant.java
  - ./output/jpa-uuid-jdbc/src/main/javagen/topmodel/test/uuid/jdbc/dtos/restaurant/TableClientItem.java
  - ./output/jpa-uuid-jdbc/src/main/javagen/topmodel/test/uuid/jdbc/dtos/restaurant/TableClientRead.java
  - ./output/jpa-uuid-jdbc/src/main/javagen/topmodel/test/uuid/jdbc/dtos/restaurant/TableClientWrite.java
  - ./output/jpa-uuid-jdbc/src/main/javagen/topmodel/test/uuid/jdbc/entities/restaurant/AvisClient_.java
  - ./output/jpa-uuid-jdbc/src/main/javagen/topmodel/test/uuid/jdbc/entities/restaurant/AvisClient.java
  - ./output/jpa-uuid-jdbc/src/main/javagen/topmodel/test/uuid/jdbc/entities/restaurant/CategoriePlat_.java
  - ./output/jpa-uuid-jdbc/src/main/javagen/topmodel/test/uuid/jdbc/entities/restaurant/CategoriePlat.java
  - ./output/jpa-uuid-jdbc/src/main/javagen/topmodel/test/uuid/jdbc/entities/restaurant/Client_.java
  - ./output/jpa-uuid-jdbc/src/main/javagen/topmodel/test/uuid/jdbc/entities/restaurant/Client.java
  - ./output/jpa-uuid-jdbc/src/main/javagen/topmodel/test/uuid/jdbc/entities/restaurant/Commande_.java
  - ./output/jpa-uuid-jdbc/src/main/javagen/topmodel/test/uuid/jdbc/entities/restaurant/Commande.java
  - ./output/jpa-uuid-jdbc/src/main/javagen/topmodel/test/uuid/jdbc/entities/restaurant/CommandeExport_.java
  - ./output/jpa-uuid-jdbc/src/main/javagen/topmodel/test/uuid/jdbc/entities/restaurant/CommandeExport.java
  - ./output/jpa-uuid-jdbc/src/main/javagen/topmodel/test/uuid/jdbc/entities/restaurant/Employe_.java
  - ./output/jpa-uuid-jdbc/src/main/javagen/topmodel/test/uuid/jdbc/entities/restaurant/Employe.java
  - ./output/jpa-uuid-jdbc/src/main/javagen/topmodel/test/uuid/jdbc/entities/restaurant/LigneCommande_.java
  - ./output/jpa-uuid-jdbc/src/main/javagen/topmodel/test/uuid/jdbc/entities/restaurant/LigneCommande.java
  - ./output/jpa-uuid-jdbc/src/main/javagen/topmodel/test/uuid/jdbc/entities/restaurant/Menu_.java
  - ./output/jpa-uuid-jdbc/src/main/javagen/topmodel/test/uuid/jdbc/entities/restaurant/Menu.java
  - ./output/jpa-uuid-jdbc/src/main/javagen/topmodel/test/uuid/jdbc/entities/restaurant/MenuPlat_.java
  - ./output/jpa-uuid-jdbc/src/main/javagen/topmodel/test/uuid/jdbc/entities/restaurant/MenuPlat.java
  - ./output/jpa-uuid-jdbc/src/main/javagen/topmodel/test/uuid/jdbc/entities/restaurant/Personne_.java
  - ./output/jpa-uuid-jdbc/src/main/javagen/topmodel/test/uuid/jdbc/entities/restaurant/Personne.java
  - ./output/jpa-uuid-jdbc/src/main/javagen/topmodel/test/uuid/jdbc/entities/restaurant/Plat_.java
  - ./output/jpa-uuid-jdbc/src/main/javagen/topmodel/test/uuid/jdbc/entities/restaurant/Plat.java
  - ./output/jpa-uuid-jdbc/src/main/javagen/topmodel/test/uuid/jdbc/entities/restaurant/Promotion_.java
  - ./output/jpa-uuid-jdbc/src/main/javagen/topmodel/test/uuid/jdbc/entities/restaurant/Promotion.java
  - ./output/jpa-uuid-jdbc/src/main/javagen/topmodel/test/uuid/jdbc/entities/restaurant/PromotionPlat_.java
  - ./output/jpa-uuid-jdbc/src/main/javagen/topmodel/test/uuid/jdbc/entities/restaurant/PromotionPlat.java
  - ./output/jpa-uuid-jdbc/src/main/javagen/topmodel/test/uuid/jdbc/entities/restaurant/Reservation_.java
  - ./output/jpa-uuid-jdbc/src/main/javagen/topmodel/test/uuid/jdbc/entities/restaurant/Reservation.java
  - ./output/jpa-uuid-jdbc/src/main/javagen/topmodel/test/uuid/jdbc/entities/restaurant/Restaurant_.java
  - ./output/jpa-uuid-jdbc/src/main/javagen/topmodel/test/uuid/jdbc/entities/restaurant/Restaurant.java
  - ./output/jpa-uuid-jdbc/src/main/javagen/topmodel/test/uuid/jdbc/entities/restaurant/RestaurantMappers.java
  - ./output/jpa-uuid-jdbc/src/main/javagen/topmodel/test/uuid/jdbc/entities/restaurant/StatutCommande_.java
  - ./output/jpa-uuid-jdbc/src/main/javagen/topmodel/test/uuid/jdbc/entities/restaurant/StatutCommande.java
  - ./output/jpa-uuid-jdbc/src/main/javagen/topmodel/test/uuid/jdbc/entities/restaurant/TableClient_.java
  - ./output/jpa-uuid-jdbc/src/main/javagen/topmodel/test/uuid/jdbc/entities/restaurant/TableClient.java
  - ./output/jpa-uuid-jdbc/src/main/resources/i18n/model/restaurant.properties
