#
# ATTENTION CE FICHIER EST GENERE AUTOMATIQUEMENT !
#

version: 2.7.1
custom:
  ../../../TopModel.Generator.Javascript: 638795752602ed469e10384389eae1b6
generatedFiles:
  - ./src/appgenerated/api/securite/profil/profil.service.ts
  - ./src/appgenerated/api/securite/utilisateur/utilisateur.service.ts
  - ./src/appgenerated/model/securite/profil/profil-item.ts
  - ./src/appgenerated/model/securite/profil/profil-read.ts
  - ./src/appgenerated/model/securite/profil/profil-write.ts
  - ./src/appgenerated/model/securite/profil/references.ts
  - ./src/appgenerated/model/securite/utilisateur/references.ts
  - ./src/appgenerated/model/securite/utilisateur/utilisateur-item.ts
  - ./src/appgenerated/model/securite/utilisateur/utilisateur-read.ts
  - ./src/appgenerated/model/securite/utilisateur/utilisateur-write.ts
  - ./src/appgenerated/resources/common.json
  - ./src/appgenerated/resources/securite.json
