#
# ATTENTION CE FICHIER EST GENERE AUTOMATIQUEMENT !
#

version: 3.1.0
custom:
  ../../../TopModel.Generator.Javascript: 1bcaaadf39eddc370b8e3615973c98e1
generatedFiles:
  - ./src/appgenerated/api/securite/profil/profil.service.ts
  - ./src/appgenerated/api/securite/utilisateur/utilisateur.service.ts
  - ./src/appgenerated/model/securite/profil/profil-item.ts
  - ./src/appgenerated/model/securite/profil/profil-read.ts
  - ./src/appgenerated/model/securite/profil/profil-write.ts
  - ./src/appgenerated/model/securite/profil/references.ts
  - ./src/appgenerated/model/securite/utilisateur/references.ts
  - ./src/appgenerated/model/securite/utilisateur/utilisateur-item.ts
  - ./src/appgenerated/model/securite/utilisateur/utilisateur-read.ts
  - ./src/appgenerated/model/securite/utilisateur/utilisateur-write.ts
  - ./src/appgenerated/resources/common.json
  - ./src/appgenerated/resources/securite.json
