#
# ATTENTION CE FICHIER EST GENERE AUTOMATIQUEMENT !
#

version: 3.0.1
custom:
  ../../../TopModel.Generator.Sql: 38bb3155eec0c9f5058567cadc07565a
generatedFiles:
  - ./src/init/DROIT.insert.sql
  - ./src/init/main.sql
  - ./src/init/TYPE_DROIT.insert.sql
  - ./src/init/TYPE_UTILISATEUR.insert.sql
  - ./src/tables/DROIT.sql
  - ./src/tables/PROFIL_DROIT.sql
  - ./src/tables/PROFIL.sql
  - ./src/tables/TYPE_DROIT.sql
  - ./src/tables/TYPE_UTILISATEUR.sql
  - ./src/tables/UTILISATEUR.sql
