#
# ATTENTION CE FICHIER EST GENERE AUTOMATIQUEMENT !
#

version: 3.0.4
custom:
  ../../../TopModel.Generator.Sql: 96c630a12cf71193e93bbf46e5c212a6
generatedFiles:
  - ./src/init/DROIT.insert.sql
  - ./src/init/main.sql
  - ./src/init/TYPE_DROIT.insert.sql
  - ./src/init/TYPE_UTILISATEUR.insert.sql
  - ./src/tables/DROIT.sql
  - ./src/tables/PROFIL_DROIT.sql
  - ./src/tables/PROFIL.sql
  - ./src/tables/TYPE_DROIT.sql
  - ./src/tables/TYPE_UTILISATEUR.sql
  - ./src/tables/UTILISATEUR.sql
