#
# ATTENTION CE FICHIER EST GENERE AUTOMATIQUEMENT !
#

version: 2.9.0
custom:
  ../../../TopModel.Generator.Sql: 46bc88d2317997e44128dde186a8fcb2
generatedFiles:
  - ./src/init/DROIT.insert.sql
  - ./src/init/main.sql
  - ./src/init/TYPE_DROIT.insert.sql
  - ./src/init/TYPE_UTILISATEUR.insert.sql
  - ./src/tables/DROIT.sql
  - ./src/tables/PROFIL_DROIT.sql
  - ./src/tables/PROFIL.sql
  - ./src/tables/TYPE_DROIT.sql
  - ./src/tables/TYPE_UTILISATEUR.sql
  - ./src/tables/UTILISATEUR.sql
