#
# ATTENTION CE FICHIER EST GENERE AUTOMATIQUEMENT !
#

version: 4.2.1
modules:
  jpa:
    version: 4.2.0
    hash: 15ace31a90eb6df772974c63c1d09687
  csharp:
    version: 4.1.2
    hash: e9ba8ed7788db410adff835bbeca1614
  sql:
    version: 4.1.1
    hash: 2e03538ad9966a178e881bbd89154582
  javascript:
    version: 4.2.1
    hash: 35cd75f7bb1981efc47e19da4edf2e8e
generatedFiles:
  - ./output/csharp/Hello World.Refs.Models/generated/TypeUtilisateur.cs
  - ./output/csharp/Hello World.Users.Models/Dto/generated/AdresseDto.cs
  - ./output/csharp/Hello World.Users.Models/Dto/generated/UtilisateurCreateDto.cs
  - ./output/csharp/Hello World.Users.Models/Dto/generated/UtilisateurDetailDto.cs
  - ./output/csharp/Hello World.Users.Models/Dto/generated/UtilisateurDto.cs
  - ./output/csharp/Hello World.Users.Models/Dto/generated/UtilisateurSearchResultDto.cs
  - ./output/csharp/Hello World.Users.Models/Dto/generated/UtilisateurUpdateDto.cs
  - ./output/csharp/Hello World.Users.Models/generated/UsersMappers.cs
  - ./output/csharp/Hello World.Users.Models/generated/Utilisateur.cs
  - ./output/csharp/Hello World.Web/Controllers/Users/EndpointsController.cs
  - ./output/java/javagen/hello world/api/users/EndpointsController.java
  - ./output/java/javagen/hello world/dtos/users/AdresseDto.java
  - ./output/java/javagen/hello world/dtos/users/UtilisateurCreateDto.java
  - ./output/java/javagen/hello world/dtos/users/UtilisateurDetailDto.java
  - ./output/java/javagen/hello world/dtos/users/UtilisateurDto.java
  - ./output/java/javagen/hello world/dtos/users/UtilisateurSearchResultDto.java
  - ./output/java/javagen/hello world/dtos/users/UtilisateurUpdateDto.java
  - ./output/java/javagen/hello world/entities/refs/TypeUtilisateur.java
  - ./output/java/javagen/hello world/entities/users/UsersMappers.java
  - ./output/java/javagen/hello world/entities/users/Utilisateur.java
  - ./output/java/javagen/hello world/enums/refs/TypeUtilisateurCode.java
  - ./output/javascript/api/users/endpoints.service.ts
  - ./output/javascript/model/refs/enums.ts
  - ./output/javascript/model/users/adresse-dto.ts
  - ./output/javascript/model/users/utilisateur-create-dto.ts
  - ./output/javascript/model/users/utilisateur-detail-dto.ts
  - ./output/javascript/model/users/utilisateur-dto.ts
  - ./output/javascript/model/users/utilisateur-search-result-dto.ts
  - ./output/javascript/model/users/utilisateur-update-dto.ts
  - ./output/sql/01_tables.sql
  - ./output/sql/02_indexes_and_keys.sql
  - ./output/sql/03_values.sql
