#
# ATTENTION CE FICHIER EST GENERE AUTOMATIQUEMENT !
#

version: 4.6.1
modules:
  jpa:
    version: 4.4.1
    hash: fc919dd6f316a68e5b19980ec5c6e998
  csharp:
    version: 4.3.3
    hash: a9002506b82278d9317c059f0f9d2429
  sql:
    version: 4.4.0
    hash: 81eea4982bd9f19a775e50792cb31c2d
  javascript:
    version: 4.3.1
    hash: f0864fb1a6151af271c75f27937efc8e
generatedFiles:
  - ./output/csharp/Hello World.Refs.Models/generated/TypeUtilisateur.cs
  - ./output/csharp/Hello World.Users.Models/Dto/generated/AdresseDto.cs
  - ./output/csharp/Hello World.Users.Models/Dto/generated/UtilisateurCreateDto.cs
  - ./output/csharp/Hello World.Users.Models/Dto/generated/UtilisateurDetailDto.cs
  - ./output/csharp/Hello World.Users.Models/Dto/generated/UtilisateurDto.cs
  - ./output/csharp/Hello World.Users.Models/Dto/generated/UtilisateurSearchResultDto.cs
  - ./output/csharp/Hello World.Users.Models/Dto/generated/UtilisateurUpdateDto.cs
  - ./output/csharp/Hello World.Users.Models/generated/UsersMappers.cs
  - ./output/csharp/Hello World.Users.Models/generated/Utilisateur.cs
  - ./output/csharp/Hello World.Web/Controllers/Users/EndpointsController.cs
  - ./output/java/javagen/hello world/api/users/EndpointsController.java
  - ./output/java/javagen/hello world/dtos/users/AdresseDto.java
  - ./output/java/javagen/hello world/dtos/users/UtilisateurCreateDto.java
  - ./output/java/javagen/hello world/dtos/users/UtilisateurDetailDto.java
  - ./output/java/javagen/hello world/dtos/users/UtilisateurDto.java
  - ./output/java/javagen/hello world/dtos/users/UtilisateurSearchResultDto.java
  - ./output/java/javagen/hello world/dtos/users/UtilisateurUpdateDto.java
  - ./output/java/javagen/hello world/entities/refs/TypeUtilisateur.java
  - ./output/java/javagen/hello world/entities/users/UsersMappers.java
  - ./output/java/javagen/hello world/entities/users/Utilisateur.java
  - ./output/java/javagen/hello world/enums/refs/TypeUtilisateurCode.java
  - ./output/javascript/api/users/endpoints.service.ts
  - ./output/javascript/model/refs/enums.ts
  - ./output/javascript/model/users/adresse-dto.ts
  - ./output/javascript/model/users/utilisateur-create-dto.ts
  - ./output/javascript/model/users/utilisateur-detail-dto.ts
  - ./output/javascript/model/users/utilisateur-dto.ts
  - ./output/javascript/model/users/utilisateur-search-result-dto.ts
  - ./output/javascript/model/users/utilisateur-update-dto.ts
  - ./output/sql/01_tables.sql
  - ./output/sql/02_indexes_and_keys.sql
  - ./output/sql/03_values.sql
