#
# ATTENTION CE FICHIER EST GENERE AUTOMATIQUEMENT !
#

version: 4.4.0
modules:
  jpa:
    version: 4.2.5
    hash: 95109899a35c89958ad6b3af0196c780
  csharp:
    version: 4.1.4
    hash: 3a7f9fce969889c7268761b9da6a35d0
  sql:
    version: 4.1.5
    hash: 70f84ebe636e884a18bbb458d7078d3b
  javascript:
    version: 4.2.4
    hash: 25eb883fb25fd86a73efc139de65c5bd
generatedFiles:
  - ./output/csharp/Hello World.Refs.Models/generated/TypeUtilisateur.cs
  - ./output/csharp/Hello World.Users.Models/Dto/generated/AdresseDto.cs
  - ./output/csharp/Hello World.Users.Models/Dto/generated/UtilisateurCreateDto.cs
  - ./output/csharp/Hello World.Users.Models/Dto/generated/UtilisateurDetailDto.cs
  - ./output/csharp/Hello World.Users.Models/Dto/generated/UtilisateurDto.cs
  - ./output/csharp/Hello World.Users.Models/Dto/generated/UtilisateurSearchResultDto.cs
  - ./output/csharp/Hello World.Users.Models/Dto/generated/UtilisateurUpdateDto.cs
  - ./output/csharp/Hello World.Users.Models/generated/UsersMappers.cs
  - ./output/csharp/Hello World.Users.Models/generated/Utilisateur.cs
  - ./output/csharp/Hello World.Web/Controllers/Users/EndpointsController.cs
  - ./output/java/javagen/hello world/api/users/EndpointsController.java
  - ./output/java/javagen/hello world/dtos/users/AdresseDto.java
  - ./output/java/javagen/hello world/dtos/users/UtilisateurCreateDto.java
  - ./output/java/javagen/hello world/dtos/users/UtilisateurDetailDto.java
  - ./output/java/javagen/hello world/dtos/users/UtilisateurDto.java
  - ./output/java/javagen/hello world/dtos/users/UtilisateurSearchResultDto.java
  - ./output/java/javagen/hello world/dtos/users/UtilisateurUpdateDto.java
  - ./output/java/javagen/hello world/entities/refs/TypeUtilisateur.java
  - ./output/java/javagen/hello world/entities/users/UsersMappers.java
  - ./output/java/javagen/hello world/entities/users/Utilisateur.java
  - ./output/java/javagen/hello world/enums/refs/TypeUtilisateurCode.java
  - ./output/javascript/api/users/endpoints.service.ts
  - ./output/javascript/model/refs/enums.ts
  - ./output/javascript/model/users/adresse-dto.ts
  - ./output/javascript/model/users/utilisateur-create-dto.ts
  - ./output/javascript/model/users/utilisateur-detail-dto.ts
  - ./output/javascript/model/users/utilisateur-dto.ts
  - ./output/javascript/model/users/utilisateur-search-result-dto.ts
  - ./output/javascript/model/users/utilisateur-update-dto.ts
  - ./output/sql/01_tables.sql
  - ./output/sql/02_indexes_and_keys.sql
  - ./output/sql/03_values.sql
