#
# ATTENTION CE FICHIER EST GENERE AUTOMATIQUEMENT !
#

version: 3.3.1
custom:
  ../../../TopModel.Generator.Php: de7a4698812843f0477c73a6c3a3b350
generatedFiles:
  - ./src/Entity/Securite/Profil/Droit.php
  - ./src/Entity/Securite/Profil/Profil.php
  - ./src/Entity/Securite/Profil/ProfilDroit.php
  - ./src/Entity/Securite/Profil/TypeDroit.php
  - ./src/Entity/Securite/Utilisateur/TypeUtilisateur.php
  - ./src/Entity/Securite/Utilisateur/Utilisateur.php
  - ./src/Model/Securite/Profil/ProfilRead.php
  - ./src/Model/Securite/Profil/ProfilWrite.php
  - ./src/Model/Securite/Utilisateur/UtilisateurRead.php
  - ./src/Model/Securite/Utilisateur/UtilisateurWrite.php
  - ./src/Repository/Securite/Profil/DroitRepository.php
  - ./src/Repository/Securite/Profil/ProfilDroitRepository.php
  - ./src/Repository/Securite/Profil/ProfilRepository.php
  - ./src/Repository/Securite/Profil/TypeDroitRepository.php
  - ./src/Repository/Securite/Utilisateur/TypeUtilisateurRepository.php
  - ./src/Repository/Securite/Utilisateur/UtilisateurRepository.php
