#
# ATTENTION CE FICHIER EST GENERE AUTOMATIQUEMENT !
#

version: 4.1.0
modules:
  jpa:
    version: 4.0.0
    hash: 47e424bfeef42c46e027b60f2e0eb9f6
  csharp:
    version: 4.0.0
    hash: 8cb4da086a2dc4ed93bf38b5ed6372e3
  sql:
    version: 4.0.0
    hash: 80a98f70654348c41ccb61f7260694a9
  javascript:
    version: 4.0.0
    hash: b593f13af3c8c1006f5ab1456ca73325
generatedFiles:
  - ./output/csharp/Hello World.Refs.Models/generated/TypeUtilisateur.cs
  - ./output/csharp/Hello World.Users.Models/Dto/generated/AdresseDto.cs
  - ./output/csharp/Hello World.Users.Models/Dto/generated/UtilisateurCreateDto.cs
  - ./output/csharp/Hello World.Users.Models/Dto/generated/UtilisateurDetailDto.cs
  - ./output/csharp/Hello World.Users.Models/Dto/generated/UtilisateurDto.cs
  - ./output/csharp/Hello World.Users.Models/Dto/generated/UtilisateurSearchResultDto.cs
  - ./output/csharp/Hello World.Users.Models/Dto/generated/UtilisateurUpdateDto.cs
  - ./output/csharp/Hello World.Users.Models/generated/UsersMappers.cs
  - ./output/csharp/Hello World.Users.Models/generated/Utilisateur.cs
  - ./output/csharp/Hello World.Web/Controllers/Users/EndpointsController.cs
  - ./output/java/javagen/hello world/api/users/EndpointsController.java
  - ./output/java/javagen/hello world/dtos/users/AdresseDto.java
  - ./output/java/javagen/hello world/dtos/users/UtilisateurCreateDto.java
  - ./output/java/javagen/hello world/dtos/users/UtilisateurDetailDto.java
  - ./output/java/javagen/hello world/dtos/users/UtilisateurDto.java
  - ./output/java/javagen/hello world/dtos/users/UtilisateurSearchResultDto.java
  - ./output/java/javagen/hello world/dtos/users/UtilisateurUpdateDto.java
  - ./output/java/javagen/hello world/entities/refs/TypeUtilisateur.java
  - ./output/java/javagen/hello world/entities/users/UsersMappers.java
  - ./output/java/javagen/hello world/entities/users/Utilisateur.java
  - ./output/java/javagen/hello world/enums/refs/TypeUtilisateurCode.java
  - ./output/javascript/api/users/endpoints.service.ts
  - ./output/javascript/model/refs/references.ts
  - ./output/javascript/model/users/adresse-dto.ts
  - ./output/javascript/model/users/utilisateur-create-dto.ts
  - ./output/javascript/model/users/utilisateur-detail-dto.ts
  - ./output/javascript/model/users/utilisateur-dto.ts
  - ./output/javascript/model/users/utilisateur-search-result-dto.ts
  - ./output/javascript/model/users/utilisateur-update-dto.ts
  - ./output/sql/01_tables.sql
  - ./output/sql/02_fk_indexes.sql
  - ./output/sql/03_unique_keys.sql
  - ./output/sql/04_references.sql
