#
# ATTENTION CE FICHIER EST GENERE AUTOMATIQUEMENT !
#

version: 2.9.1
custom:
  ../../../TopModel.Generator.Translation: f0f4f3cfda87c605baac3013424cb55c
generatedFiles:
  - ./i18n/de_DE/out/common_de_DE.properties
  - ./i18n/de_DE/out/securite_de_DE.properties
  - ./i18n/en_US/out/common_en_US.properties
  - ./i18n/en_US/out/securite_en_US.properties
