#
# ATTENTION CE FICHIER EST GENERE AUTOMATIQUEMENT !
#

version: 3.2.2
custom:
  ../../../TopModel.Generator.Translation: 55ab7ddda9dc245d3c2c1388ec5ae863
generatedFiles:
  - ./i18n/de_DE/out/common_de_DE.properties
  - ./i18n/de_DE/out/securite_de_DE.properties
  - ./i18n/en_US/out/common_en_US.properties
  - ./i18n/en_US/out/securite_en_US.properties
