#
# ATTENTION CE FICHIER EST GENERE AUTOMATIQUEMENT !
#

version: 3.0.5
custom:
  ../../../TopModel.Generator.Translation: e46443bc754ab972bf40f4f9fa7c87d3
generatedFiles:
  - ./i18n/de_DE/out/common_de_DE.properties
  - ./i18n/de_DE/out/securite_de_DE.properties
  - ./i18n/en_US/out/common_en_US.properties
  - ./i18n/en_US/out/securite_en_US.properties
