#
# ATTENTION CE FICHIER EST GENERE AUTOMATIQUEMENT !
#

version: 3.0.1
custom:
  ../../../TopModel.Generator.Javascript: f9e959ba9a661fdf1fb3b6cba63fb965
generatedFiles:
  - ./src/locale/common.ts
  - ./src/locale/securite.ts
  - ./src/model/securite/profil/profil-item.ts
  - ./src/model/securite/profil/profil-read.ts
  - ./src/model/securite/profil/profil-write.ts
  - ./src/model/securite/profil/references.ts
  - ./src/model/securite/utilisateur/references.ts
  - ./src/model/securite/utilisateur/utilisateur-item.ts
  - ./src/model/securite/utilisateur/utilisateur-read.ts
  - ./src/model/securite/utilisateur/utilisateur-write.ts
  - ./src/services/securite/profil/profil.ts
  - ./src/services/securite/utilisateur/utilisateur.ts
