#
# ATTENTION CE FICHIER EST GENERE AUTOMATIQUEMENT !
#

version: 3.0.0
custom:
  ../../../TopModel.Generator.Javascript: 1c015b7f65f2063471ea435ce34f726f
generatedFiles:
  - ./src/locale/common.ts
  - ./src/locale/securite.ts
  - ./src/model/securite/profil/profil-item.ts
  - ./src/model/securite/profil/profil-read.ts
  - ./src/model/securite/profil/profil-write.ts
  - ./src/model/securite/profil/references.ts
  - ./src/model/securite/utilisateur/references.ts
  - ./src/model/securite/utilisateur/utilisateur-item.ts
  - ./src/model/securite/utilisateur/utilisateur-read.ts
  - ./src/model/securite/utilisateur/utilisateur-write.ts
  - ./src/services/securite/profil/profil.ts
  - ./src/services/securite/utilisateur/utilisateur.ts
