#
# ATTENTION CE FICHIER EST GENERE AUTOMATIQUEMENT !
#

version: 1.14.2
generatedFiles:
  - .\jpa\src\main\javagen\topmodel\exemple\name\api\securite\IDtosController.java
  - .\jpa\src\main\javagen\topmodel\exemple\name\api\securite\IEntitiesController.java
  - .\jpa\src\main\javagen\topmodel\exemple\name\api\securite\IReferencesController.java
  - .\jpa\src\main\javagen\topmodel\exemple\name\api\securite\utilisateur\AbstractUtilisateurApiClient.java
  - .\jpa\src\main\javagen\topmodel\exemple\name\api\securite\utilisateur\IUtilisateurApiController.java
  - .\jpa\src\main\javagen\topmodel\exemple\name\api\utilisateur\IDecoratorsController.java
  - .\jpa\src\main\javagen\topmodel\exemple\name\api\utilisateur\IDtosController.java
  - .\jpa\src\main\javagen\topmodel\exemple\name\api\utilisateur\IEntitiesController.java
  - .\jpa\src\main\javagen\topmodel\exemple\name\api\utilisateur\IReferencesController.java
  - .\jpa\src\main\javagen\topmodel\exemple\name\daos\securite\DroitsDAO.java
  - .\jpa\src\main\javagen\topmodel\exemple\name\daos\securite\ProfilDAO.java
  - .\jpa\src\main\javagen\topmodel\exemple\name\daos\securite\ProfilDtoDAO.java
  - .\jpa\src\main\javagen\topmodel\exemple\name\daos\securite\SecteurDAO.java
  - .\jpa\src\main\javagen\topmodel\exemple\name\daos\securite\TypeProfilDAO.java
  - .\jpa\src\main\javagen\topmodel\exemple\name\daos\utilisateur\TypeUtilisateurDAO.java
  - .\jpa\src\main\javagen\topmodel\exemple\name\daos\utilisateur\UtilisateurDAO.java
  - .\jpa\src\main\javagen\topmodel\exemple\name\daos\utilisateur\UtilisateurDtoDAO.java
  - .\jpa\src\main\javagen\topmodel\exemple\name\dtos\securite\interfaces\IProfilDto.java
  - .\jpa\src\main\javagen\topmodel\exemple\name\dtos\securite\ProfilDto.java
  - .\jpa\src\main\javagen\topmodel\exemple\name\dtos\utilisateur\interfaces\IUtilisateurDto.java
  - .\jpa\src\main\javagen\topmodel\exemple\name\dtos\utilisateur\UtilisateurDto.java
  - .\jpa\src\main\javagen\topmodel\exemple\name\entities\securite\Droits.java
  - .\jpa\src\main\javagen\topmodel\exemple\name\entities\securite\interfaces\IDroits.java
  - .\jpa\src\main\javagen\topmodel\exemple\name\entities\securite\interfaces\IProfil.java
  - .\jpa\src\main\javagen\topmodel\exemple\name\entities\securite\interfaces\ISecteur.java
  - .\jpa\src\main\javagen\topmodel\exemple\name\entities\securite\interfaces\ITypeProfil.java
  - .\jpa\src\main\javagen\topmodel\exemple\name\entities\securite\Profil.java
  - .\jpa\src\main\javagen\topmodel\exemple\name\entities\securite\Secteur.java
  - .\jpa\src\main\javagen\topmodel\exemple\name\entities\securite\TypeProfil.java
  - .\jpa\src\main\javagen\topmodel\exemple\name\entities\utilisateur\interfaces\ITypeUtilisateur.java
  - .\jpa\src\main\javagen\topmodel\exemple\name\entities\utilisateur\interfaces\IUtilisateur.java
  - .\jpa\src\main\javagen\topmodel\exemple\name\entities\utilisateur\TypeUtilisateur.java
  - .\jpa\src\main\javagen\topmodel\exemple\name\entities\utilisateur\Utilisateur.java
  - .\jpa\src\main\resources\i18n\model\fr\securite_fr_FR.properties
  - .\jpa\src\main\resources\i18n\model\fr\utilisateur_fr_FR.properties
  - .\js\appgenerated\api\securite\utilisateur\utilisateur-api.ts
  - .\js\appgenerated\model\securite\profil-dto.ts
  - .\js\appgenerated\model\securite\references.ts
  - .\js\appgenerated\model\utilisateur\references.ts
  - .\js\appgenerated\model\utilisateur\utilisateur-dto.ts
  - .\js\appgenerated\resources\securite.ts
  - .\js\appgenerated\resources\utilisateur.ts
  - .\pg\01_tables.sql
  - .\pg\02_fk_indexes.sql
  - .\pg\03_unique_keys.sql
  - .\pg\04_references.sql
