#
# ATTENTION CE FICHIER EST GENERE AUTOMATIQUEMENT !
#

version: 1.18.8
generatedFiles:
  - ./jpa/src/main/javagen/topmodel/jpa/sample/demo/api/client/securite/utilisateur/AbstractUtilisateurApiClient.java
  - ./jpa/src/main/javagen/topmodel/jpa/sample/demo/api/server/securite/utilisateur/UtilisateurApiController.java
  - ./jpa/src/main/javagen/topmodel/jpa/sample/demo/daos/securite/DroitsDAO.java
  - ./jpa/src/main/javagen/topmodel/jpa/sample/demo/daos/securite/ProfilDAO.java
  - ./jpa/src/main/javagen/topmodel/jpa/sample/demo/daos/securite/ProfilDtoDAO.java
  - ./jpa/src/main/javagen/topmodel/jpa/sample/demo/daos/securite/SecteurDAO.java
  - ./jpa/src/main/javagen/topmodel/jpa/sample/demo/daos/securite/TypeProfilDAO.java
  - ./jpa/src/main/javagen/topmodel/jpa/sample/demo/daos/utilisateur/TypeUtilisateurDAO.java
  - ./jpa/src/main/javagen/topmodel/jpa/sample/demo/daos/utilisateur/UtilisateurDAO.java
  - ./jpa/src/main/javagen/topmodel/jpa/sample/demo/daos/utilisateur/UtilisateurDtoDAO.java
  - ./jpa/src/main/javagen/topmodel/jpa/sample/demo/dtos/securite/ProfilDto.java
  - ./jpa/src/main/javagen/topmodel/jpa/sample/demo/dtos/utilisateur/interfaces/IUtilisateurDto.java
  - ./jpa/src/main/javagen/topmodel/jpa/sample/demo/dtos/utilisateur/UtilisateurDto.java
  - ./jpa/src/main/javagen/topmodel/jpa/sample/demo/entities/securite/Droits.java
  - ./jpa/src/main/javagen/topmodel/jpa/sample/demo/entities/securite/Profil.java
  - ./jpa/src/main/javagen/topmodel/jpa/sample/demo/entities/securite/Secteur.java
  - ./jpa/src/main/javagen/topmodel/jpa/sample/demo/entities/securite/TypeProfil.java
  - ./jpa/src/main/javagen/topmodel/jpa/sample/demo/entities/utilisateur/TypeUtilisateur.java
  - ./jpa/src/main/javagen/topmodel/jpa/sample/demo/entities/utilisateur/Utilisateur.java
  - ./jpa/src/main/resources/i18n/model/fr/securite_fr_FR.properties
  - ./jpa/src/main/resources/i18n/model/fr/utilisateur_fr_FR.properties
  - ./js/appgenerated/api/securite/utilisateur/utilisateur-api.ts
  - ./js/appgenerated/model/securite/profil-dto.ts
  - ./js/appgenerated/model/securite/references.ts
  - ./js/appgenerated/model/utilisateur/references.ts
  - ./js/appgenerated/model/utilisateur/utilisateur-dto.ts
  - ./js/appgenerated/resources/securite.ts
  - ./js/appgenerated/resources/utilisateur.ts
  - ./pg/01_tables.sql
  - ./pg/02_fk_indexes.sql
  - ./pg/03_unique_keys.sql
  - ./pg/04_references.sql
