#
# ATTENTION CE FICHIER EST GENERE AUTOMATIQUEMENT !
#

version: 4.0.0-rc.0
custom:
  ../../TopModel.Generator.Jpa: 774738d52335c0a6857c3d5744a2a9d2
  ../../TopModel.Generator.Csharp: 5eb1b2a1c8a89c6c25a53604ca7696d2
  ../../TopModel.Generator.Javascript: d845ea32743e4a5ef1a51e2fb49dc369
  ../../TopModel.Generator.Sql: f94f6bcc7f4d218424edd090d4c0df14
  ../../TopModel.Generator.Translation: 37bcf602b3079fdf3556fff547655e8f
generatedFiles:
  - ../output/angular/src/appgenerated/api/restaurant/commande.service.ts
  - ../output/angular/src/appgenerated/api/restaurant/menu.service.ts
  - ../output/angular/src/appgenerated/api/restaurant/personne.service.ts
  - ../output/angular/src/appgenerated/api/restaurant/restaurant.service.ts
  - ../output/angular/src/appgenerated/model/restaurant/avis-client-read.ts
  - ../output/angular/src/appgenerated/model/restaurant/avis-client-write.ts
  - ../output/angular/src/appgenerated/model/restaurant/client-avec-commandes.ts
  - ../output/angular/src/appgenerated/model/restaurant/client-item.ts
  - ../output/angular/src/appgenerated/model/restaurant/client-read.ts
  - ../output/angular/src/appgenerated/model/restaurant/client-write.ts
  - ../output/angular/src/appgenerated/model/restaurant/commande-item.ts
  - ../output/angular/src/appgenerated/model/restaurant/commande-read.ts
  - ../output/angular/src/appgenerated/model/restaurant/commande-resume.ts
  - ../output/angular/src/appgenerated/model/restaurant/commande-write.ts
  - ../output/angular/src/appgenerated/model/restaurant/employe-item.ts
  - ../output/angular/src/appgenerated/model/restaurant/employe-read.ts
  - ../output/angular/src/appgenerated/model/restaurant/employe-write.ts
  - ../output/angular/src/appgenerated/model/restaurant/ligne-commande-read.ts
  - ../output/angular/src/appgenerated/model/restaurant/ligne-commande-write.ts
  - ../output/angular/src/appgenerated/model/restaurant/menu-read.ts
  - ../output/angular/src/appgenerated/model/restaurant/menu-write.ts
  - ../output/angular/src/appgenerated/model/restaurant/plat-item-readonly.ts
  - ../output/angular/src/appgenerated/model/restaurant/plat-item.ts
  - ../output/angular/src/appgenerated/model/restaurant/plat-read.ts
  - ../output/angular/src/appgenerated/model/restaurant/plat-write.ts
  - ../output/angular/src/appgenerated/model/restaurant/promotion-read.ts
  - ../output/angular/src/appgenerated/model/restaurant/promotion-write.ts
  - ../output/angular/src/appgenerated/model/restaurant/references.ts
  - ../output/angular/src/appgenerated/model/restaurant/reservation-read.ts
  - ../output/angular/src/appgenerated/model/restaurant/reservation-write.ts
  - ../output/angular/src/appgenerated/model/restaurant/restaurant-avec-statistiques.ts
  - ../output/angular/src/appgenerated/model/restaurant/restaurant-item.ts
  - ../output/angular/src/appgenerated/model/restaurant/restaurant-read.ts
  - ../output/angular/src/appgenerated/model/restaurant/restaurant-write.ts
  - ../output/angular/src/appgenerated/model/restaurant/statistiques-restaurant.ts
  - ../output/angular/src/appgenerated/model/restaurant/table-item.ts
  - ../output/angular/src/appgenerated/model/restaurant/table-read.ts
  - ../output/angular/src/appgenerated/model/restaurant/table-write.ts
  - ../output/angular/src/appgenerated/resources/restaurant.json
  - ../output/csharp/src/Clients/TopModel.Sample.Clients.Db/generated/TopModelSampleDbContext.comments.cs
  - ../output/csharp/src/Clients/TopModel.Sample.Clients.Db/generated/TopModelSampleDbContext.cs
  - ../output/csharp/src/Clients/TopModel.Sample.Clients.Db/Models/Restaurant/generated/AvisClient.cs
  - ../output/csharp/src/Clients/TopModel.Sample.Clients.Db/Models/Restaurant/generated/Client.cs
  - ../output/csharp/src/Clients/TopModel.Sample.Clients.Db/Models/Restaurant/generated/Commande.cs
  - ../output/csharp/src/Clients/TopModel.Sample.Clients.Db/Models/Restaurant/generated/CommandeHistorique.cs
  - ../output/csharp/src/Clients/TopModel.Sample.Clients.Db/Models/Restaurant/generated/Employe.cs
  - ../output/csharp/src/Clients/TopModel.Sample.Clients.Db/Models/Restaurant/generated/LigneCommande.cs
  - ../output/csharp/src/Clients/TopModel.Sample.Clients.Db/Models/Restaurant/generated/LigneCommandeHistorique.cs
  - ../output/csharp/src/Clients/TopModel.Sample.Clients.Db/Models/Restaurant/generated/Mappers.cs
  - ../output/csharp/src/Clients/TopModel.Sample.Clients.Db/Models/Restaurant/generated/Menu.cs
  - ../output/csharp/src/Clients/TopModel.Sample.Clients.Db/Models/Restaurant/generated/MenuPlat.cs
  - ../output/csharp/src/Clients/TopModel.Sample.Clients.Db/Models/Restaurant/generated/Personne.cs
  - ../output/csharp/src/Clients/TopModel.Sample.Clients.Db/Models/Restaurant/generated/Plat.cs
  - ../output/csharp/src/Clients/TopModel.Sample.Clients.Db/Models/Restaurant/generated/Promotion.cs
  - ../output/csharp/src/Clients/TopModel.Sample.Clients.Db/Models/Restaurant/generated/Reservation.cs
  - ../output/csharp/src/Clients/TopModel.Sample.Clients.Db/Models/Restaurant/generated/Restaurant.cs
  - ../output/csharp/src/Clients/TopModel.Sample.Clients.Db/Models/Restaurant/generated/TableRestaurant.cs
  - ../output/csharp/src/Clients/TopModel.Sample.Clients.Db/Reference/generated/DbRestaurantReferenceAccessors.cs
  - ../output/csharp/src/Clients/TopModel.Sample.Clients.Db/Reference/generated/IDbRestaurantReferenceAccessors.cs
  - ../output/csharp/src/Clients/TopModel.Sample.Clients.External/Restaurant/generated/CommandeClient.cs
  - ../output/csharp/src/Clients/TopModel.Sample.Clients.External/Restaurant/generated/MenuClient.cs
  - ../output/csharp/src/Clients/TopModel.Sample.Clients.External/Restaurant/generated/PersonneClient.cs
  - ../output/csharp/src/Clients/TopModel.Sample.Clients.External/Restaurant/generated/RestaurantClient.cs
  - ../output/csharp/src/Models/TopModel.Sample.Restaurant.Models/generated/AvisClientRead.cs
  - ../output/csharp/src/Models/TopModel.Sample.Restaurant.Models/generated/AvisClientWrite.cs
  - ../output/csharp/src/Models/TopModel.Sample.Restaurant.Models/generated/CategoriePlat.cs
  - ../output/csharp/src/Models/TopModel.Sample.Restaurant.Models/generated/ClientAvecCommandes.cs
  - ../output/csharp/src/Models/TopModel.Sample.Restaurant.Models/generated/ClientItem.cs
  - ../output/csharp/src/Models/TopModel.Sample.Restaurant.Models/generated/ClientRead.cs
  - ../output/csharp/src/Models/TopModel.Sample.Restaurant.Models/generated/ClientWrite.cs
  - ../output/csharp/src/Models/TopModel.Sample.Restaurant.Models/generated/CommandeRead.cs
  - ../output/csharp/src/Models/TopModel.Sample.Restaurant.Models/generated/CommandeWrite.cs
  - ../output/csharp/src/Models/TopModel.Sample.Restaurant.Models/generated/Departement.cs
  - ../output/csharp/src/Models/TopModel.Sample.Restaurant.Models/generated/EmployeRead.cs
  - ../output/csharp/src/Models/TopModel.Sample.Restaurant.Models/generated/EmployeWrite.cs
  - ../output/csharp/src/Models/TopModel.Sample.Restaurant.Models/generated/ICommandeItem.cs
  - ../output/csharp/src/Models/TopModel.Sample.Restaurant.Models/generated/ICommandeResume.cs
  - ../output/csharp/src/Models/TopModel.Sample.Restaurant.Models/generated/IEmployeItem.cs
  - ../output/csharp/src/Models/TopModel.Sample.Restaurant.Models/generated/IPlatItem.cs
  - ../output/csharp/src/Models/TopModel.Sample.Restaurant.Models/generated/IPlatItemReadonly.cs
  - ../output/csharp/src/Models/TopModel.Sample.Restaurant.Models/generated/IRestaurantItem.cs
  - ../output/csharp/src/Models/TopModel.Sample.Restaurant.Models/generated/ITableItem.cs
  - ../output/csharp/src/Models/TopModel.Sample.Restaurant.Models/generated/LigneCommandeRead.cs
  - ../output/csharp/src/Models/TopModel.Sample.Restaurant.Models/generated/LigneCommandeWrite.cs
  - ../output/csharp/src/Models/TopModel.Sample.Restaurant.Models/generated/Mappers.cs
  - ../output/csharp/src/Models/TopModel.Sample.Restaurant.Models/generated/MenuRead.cs
  - ../output/csharp/src/Models/TopModel.Sample.Restaurant.Models/generated/MenuWrite.cs
  - ../output/csharp/src/Models/TopModel.Sample.Restaurant.Models/generated/PlatRead.cs
  - ../output/csharp/src/Models/TopModel.Sample.Restaurant.Models/generated/PlatWrite.cs
  - ../output/csharp/src/Models/TopModel.Sample.Restaurant.Models/generated/PromotionRead.cs
  - ../output/csharp/src/Models/TopModel.Sample.Restaurant.Models/generated/PromotionWrite.cs
  - ../output/csharp/src/Models/TopModel.Sample.Restaurant.Models/generated/Region.cs
  - ../output/csharp/src/Models/TopModel.Sample.Restaurant.Models/generated/ReservationRead.cs
  - ../output/csharp/src/Models/TopModel.Sample.Restaurant.Models/generated/ReservationWrite.cs
  - ../output/csharp/src/Models/TopModel.Sample.Restaurant.Models/generated/RestaurantAvecStatistiques.cs
  - ../output/csharp/src/Models/TopModel.Sample.Restaurant.Models/generated/RestaurantRead.cs
  - ../output/csharp/src/Models/TopModel.Sample.Restaurant.Models/generated/RestaurantWrite.cs
  - ../output/csharp/src/Models/TopModel.Sample.Restaurant.Models/generated/StatistiquesRestaurant.cs
  - ../output/csharp/src/Models/TopModel.Sample.Restaurant.Models/generated/StatutCommande.cs
  - ../output/csharp/src/Models/TopModel.Sample.Restaurant.Models/generated/TableRead.cs
  - ../output/csharp/src/Models/TopModel.Sample.Restaurant.Models/generated/TableWrite.cs
  - ../output/csharp/src/Models/TopModel.Sample.Restaurant.Models/Restaurant.resx
  - ../output/csharp/src/TopModel.Sample.Api/Controllers/Restaurant/CommandeController.cs
  - ../output/csharp/src/TopModel.Sample.Api/Controllers/Restaurant/MenuController.cs
  - ../output/csharp/src/TopModel.Sample.Api/Controllers/Restaurant/PersonneController.cs
  - ../output/csharp/src/TopModel.Sample.Api/Controllers/Restaurant/RestaurantController.cs
  - ../output/focus/src/locale/restaurant.ts
  - ../output/focus/src/model/restaurant/avis-client-read.ts
  - ../output/focus/src/model/restaurant/avis-client-write.ts
  - ../output/focus/src/model/restaurant/client-avec-commandes.ts
  - ../output/focus/src/model/restaurant/client-item.ts
  - ../output/focus/src/model/restaurant/client-read.ts
  - ../output/focus/src/model/restaurant/client-write.ts
  - ../output/focus/src/model/restaurant/commande-item.ts
  - ../output/focus/src/model/restaurant/commande-read.ts
  - ../output/focus/src/model/restaurant/commande-resume.ts
  - ../output/focus/src/model/restaurant/commande-write.ts
  - ../output/focus/src/model/restaurant/employe-item.ts
  - ../output/focus/src/model/restaurant/employe-read.ts
  - ../output/focus/src/model/restaurant/employe-write.ts
  - ../output/focus/src/model/restaurant/ligne-commande-read.ts
  - ../output/focus/src/model/restaurant/ligne-commande-write.ts
  - ../output/focus/src/model/restaurant/menu-read.ts
  - ../output/focus/src/model/restaurant/menu-write.ts
  - ../output/focus/src/model/restaurant/plat-item-readonly.ts
  - ../output/focus/src/model/restaurant/plat-item.ts
  - ../output/focus/src/model/restaurant/plat-read.ts
  - ../output/focus/src/model/restaurant/plat-write.ts
  - ../output/focus/src/model/restaurant/promotion-read.ts
  - ../output/focus/src/model/restaurant/promotion-write.ts
  - ../output/focus/src/model/restaurant/references.ts
  - ../output/focus/src/model/restaurant/reservation-read.ts
  - ../output/focus/src/model/restaurant/reservation-write.ts
  - ../output/focus/src/model/restaurant/restaurant-avec-statistiques.ts
  - ../output/focus/src/model/restaurant/restaurant-item.ts
  - ../output/focus/src/model/restaurant/restaurant-read.ts
  - ../output/focus/src/model/restaurant/restaurant-write.ts
  - ../output/focus/src/model/restaurant/statistiques-restaurant.ts
  - ../output/focus/src/model/restaurant/table-item.ts
  - ../output/focus/src/model/restaurant/table-read.ts
  - ../output/focus/src/model/restaurant/table-write.ts
  - ../output/focus/src/services/restaurant/commande.ts
  - ../output/focus/src/services/restaurant/menu.ts
  - ../output/focus/src/services/restaurant/personne.ts
  - ../output/focus/src/services/restaurant/restaurant.ts
  - ../output/jpa/src/main/javagen/restaurant/jpa_identity_feign/api/server/restaurant/CommandeApi.java
  - ../output/jpa/src/main/javagen/restaurant/jpa_identity_feign/api/server/restaurant/MenuApi.java
  - ../output/jpa/src/main/javagen/restaurant/jpa_identity_feign/api/server/restaurant/PersonneApi.java
  - ../output/jpa/src/main/javagen/restaurant/jpa_identity_feign/api/server/restaurant/RestaurantApi.java
  - ../output/jpa/src/main/javagen/restaurant/jpa_identity_feign/daos/restaurant/AvisClientDAO.java
  - ../output/jpa/src/main/javagen/restaurant/jpa_identity_feign/daos/restaurant/ClientDAO.java
  - ../output/jpa/src/main/javagen/restaurant/jpa_identity_feign/daos/restaurant/CommandeDAO.java
  - ../output/jpa/src/main/javagen/restaurant/jpa_identity_feign/daos/restaurant/CommandeHistoriqueDAO.java
  - ../output/jpa/src/main/javagen/restaurant/jpa_identity_feign/daos/restaurant/EmployeDAO.java
  - ../output/jpa/src/main/javagen/restaurant/jpa_identity_feign/daos/restaurant/LigneCommandeDAO.java
  - ../output/jpa/src/main/javagen/restaurant/jpa_identity_feign/daos/restaurant/LigneCommandeHistoriqueDAO.java
  - ../output/jpa/src/main/javagen/restaurant/jpa_identity_feign/daos/restaurant/MenuDAO.java
  - ../output/jpa/src/main/javagen/restaurant/jpa_identity_feign/daos/restaurant/MenuPlatDAO.java
  - ../output/jpa/src/main/javagen/restaurant/jpa_identity_feign/daos/restaurant/PersonneDAO.java
  - ../output/jpa/src/main/javagen/restaurant/jpa_identity_feign/daos/restaurant/PlatDAO.java
  - ../output/jpa/src/main/javagen/restaurant/jpa_identity_feign/daos/restaurant/PromotionDAO.java
  - ../output/jpa/src/main/javagen/restaurant/jpa_identity_feign/daos/restaurant/ReservationDAO.java
  - ../output/jpa/src/main/javagen/restaurant/jpa_identity_feign/daos/restaurant/RestaurantDAO.java
  - ../output/jpa/src/main/javagen/restaurant/jpa_identity_feign/daos/restaurant/TableRestaurantDAO.java
  - ../output/jpa/src/main/javagen/restaurant/jpa_identity_feign/dtos/restaurant/AvisClientRead.java
  - ../output/jpa/src/main/javagen/restaurant/jpa_identity_feign/dtos/restaurant/AvisClientWrite.java
  - ../output/jpa/src/main/javagen/restaurant/jpa_identity_feign/dtos/restaurant/ClientAvecCommandes.java
  - ../output/jpa/src/main/javagen/restaurant/jpa_identity_feign/dtos/restaurant/ClientItem.java
  - ../output/jpa/src/main/javagen/restaurant/jpa_identity_feign/dtos/restaurant/ClientRead.java
  - ../output/jpa/src/main/javagen/restaurant/jpa_identity_feign/dtos/restaurant/ClientWrite.java
  - ../output/jpa/src/main/javagen/restaurant/jpa_identity_feign/dtos/restaurant/CommandeItem.java
  - ../output/jpa/src/main/javagen/restaurant/jpa_identity_feign/dtos/restaurant/CommandeRead.java
  - ../output/jpa/src/main/javagen/restaurant/jpa_identity_feign/dtos/restaurant/CommandeResume.java
  - ../output/jpa/src/main/javagen/restaurant/jpa_identity_feign/dtos/restaurant/CommandeWrite.java
  - ../output/jpa/src/main/javagen/restaurant/jpa_identity_feign/dtos/restaurant/EmployeItem.java
  - ../output/jpa/src/main/javagen/restaurant/jpa_identity_feign/dtos/restaurant/EmployeRead.java
  - ../output/jpa/src/main/javagen/restaurant/jpa_identity_feign/dtos/restaurant/EmployeWrite.java
  - ../output/jpa/src/main/javagen/restaurant/jpa_identity_feign/dtos/restaurant/LigneCommandeRead.java
  - ../output/jpa/src/main/javagen/restaurant/jpa_identity_feign/dtos/restaurant/LigneCommandeWrite.java
  - ../output/jpa/src/main/javagen/restaurant/jpa_identity_feign/dtos/restaurant/MenuRead.java
  - ../output/jpa/src/main/javagen/restaurant/jpa_identity_feign/dtos/restaurant/MenuWrite.java
  - ../output/jpa/src/main/javagen/restaurant/jpa_identity_feign/dtos/restaurant/PlatItem.java
  - ../output/jpa/src/main/javagen/restaurant/jpa_identity_feign/dtos/restaurant/PlatItemReadonly.java
  - ../output/jpa/src/main/javagen/restaurant/jpa_identity_feign/dtos/restaurant/PlatRead.java
  - ../output/jpa/src/main/javagen/restaurant/jpa_identity_feign/dtos/restaurant/PlatWrite.java
  - ../output/jpa/src/main/javagen/restaurant/jpa_identity_feign/dtos/restaurant/PromotionRead.java
  - ../output/jpa/src/main/javagen/restaurant/jpa_identity_feign/dtos/restaurant/PromotionWrite.java
  - ../output/jpa/src/main/javagen/restaurant/jpa_identity_feign/dtos/restaurant/ReservationRead.java
  - ../output/jpa/src/main/javagen/restaurant/jpa_identity_feign/dtos/restaurant/ReservationWrite.java
  - ../output/jpa/src/main/javagen/restaurant/jpa_identity_feign/dtos/restaurant/RestaurantAvecStatistiques.java
  - ../output/jpa/src/main/javagen/restaurant/jpa_identity_feign/dtos/restaurant/RestaurantDTOMappers.java
  - ../output/jpa/src/main/javagen/restaurant/jpa_identity_feign/dtos/restaurant/RestaurantItem.java
  - ../output/jpa/src/main/javagen/restaurant/jpa_identity_feign/dtos/restaurant/RestaurantRead.java
  - ../output/jpa/src/main/javagen/restaurant/jpa_identity_feign/dtos/restaurant/RestaurantWrite.java
  - ../output/jpa/src/main/javagen/restaurant/jpa_identity_feign/dtos/restaurant/StatistiquesRestaurant.java
  - ../output/jpa/src/main/javagen/restaurant/jpa_identity_feign/dtos/restaurant/TableItem.java
  - ../output/jpa/src/main/javagen/restaurant/jpa_identity_feign/dtos/restaurant/TableRead.java
  - ../output/jpa/src/main/javagen/restaurant/jpa_identity_feign/dtos/restaurant/TableWrite.java
  - ../output/jpa/src/main/javagen/restaurant/jpa_identity_feign/entities/restaurant/AvisClient_.java
  - ../output/jpa/src/main/javagen/restaurant/jpa_identity_feign/entities/restaurant/AvisClient.java
  - ../output/jpa/src/main/javagen/restaurant/jpa_identity_feign/entities/restaurant/CategoriePlat_.java
  - ../output/jpa/src/main/javagen/restaurant/jpa_identity_feign/entities/restaurant/CategoriePlat.java
  - ../output/jpa/src/main/javagen/restaurant/jpa_identity_feign/entities/restaurant/Client_.java
  - ../output/jpa/src/main/javagen/restaurant/jpa_identity_feign/entities/restaurant/Client.java
  - ../output/jpa/src/main/javagen/restaurant/jpa_identity_feign/entities/restaurant/Commande_.java
  - ../output/jpa/src/main/javagen/restaurant/jpa_identity_feign/entities/restaurant/Commande.java
  - ../output/jpa/src/main/javagen/restaurant/jpa_identity_feign/entities/restaurant/CommandeHistorique_.java
  - ../output/jpa/src/main/javagen/restaurant/jpa_identity_feign/entities/restaurant/CommandeHistorique.java
  - ../output/jpa/src/main/javagen/restaurant/jpa_identity_feign/entities/restaurant/Departement_.java
  - ../output/jpa/src/main/javagen/restaurant/jpa_identity_feign/entities/restaurant/Departement.java
  - ../output/jpa/src/main/javagen/restaurant/jpa_identity_feign/entities/restaurant/Employe_.java
  - ../output/jpa/src/main/javagen/restaurant/jpa_identity_feign/entities/restaurant/Employe.java
  - ../output/jpa/src/main/javagen/restaurant/jpa_identity_feign/entities/restaurant/LigneCommande_.java
  - ../output/jpa/src/main/javagen/restaurant/jpa_identity_feign/entities/restaurant/LigneCommande.java
  - ../output/jpa/src/main/javagen/restaurant/jpa_identity_feign/entities/restaurant/LigneCommandeHistorique_.java
  - ../output/jpa/src/main/javagen/restaurant/jpa_identity_feign/entities/restaurant/LigneCommandeHistorique.java
  - ../output/jpa/src/main/javagen/restaurant/jpa_identity_feign/entities/restaurant/Menu_.java
  - ../output/jpa/src/main/javagen/restaurant/jpa_identity_feign/entities/restaurant/Menu.java
  - ../output/jpa/src/main/javagen/restaurant/jpa_identity_feign/entities/restaurant/MenuPlat_.java
  - ../output/jpa/src/main/javagen/restaurant/jpa_identity_feign/entities/restaurant/MenuPlat.java
  - ../output/jpa/src/main/javagen/restaurant/jpa_identity_feign/entities/restaurant/Personne_.java
  - ../output/jpa/src/main/javagen/restaurant/jpa_identity_feign/entities/restaurant/Personne.java
  - ../output/jpa/src/main/javagen/restaurant/jpa_identity_feign/entities/restaurant/Plat_.java
  - ../output/jpa/src/main/javagen/restaurant/jpa_identity_feign/entities/restaurant/Plat.java
  - ../output/jpa/src/main/javagen/restaurant/jpa_identity_feign/entities/restaurant/Promotion_.java
  - ../output/jpa/src/main/javagen/restaurant/jpa_identity_feign/entities/restaurant/Promotion.java
  - ../output/jpa/src/main/javagen/restaurant/jpa_identity_feign/entities/restaurant/Region_.java
  - ../output/jpa/src/main/javagen/restaurant/jpa_identity_feign/entities/restaurant/Region.java
  - ../output/jpa/src/main/javagen/restaurant/jpa_identity_feign/entities/restaurant/Reservation_.java
  - ../output/jpa/src/main/javagen/restaurant/jpa_identity_feign/entities/restaurant/Reservation.java
  - ../output/jpa/src/main/javagen/restaurant/jpa_identity_feign/entities/restaurant/Restaurant_.java
  - ../output/jpa/src/main/javagen/restaurant/jpa_identity_feign/entities/restaurant/Restaurant.java
  - ../output/jpa/src/main/javagen/restaurant/jpa_identity_feign/entities/restaurant/RestaurantMappers.java
  - ../output/jpa/src/main/javagen/restaurant/jpa_identity_feign/entities/restaurant/TableRestaurant_.java
  - ../output/jpa/src/main/javagen/restaurant/jpa_identity_feign/entities/restaurant/TableRestaurant.java
  - ../output/jpa/src/main/javagen/restaurant/jpa_identity_feign/enums/restaurant/CategoriePlatCode.java
  - ../output/jpa/src/main/javagen/restaurant/jpa_identity_feign/enums/restaurant/RegionCode.java
  - ../output/jpa/src/main/javagen/restaurant/jpa_identity_feign/enums/restaurant/StatutCommande.java
  - ../output/jpa/src/main/javagen/restaurant/jpa_jdbc_uuid_resttemplate/api/server/restaurant/AbstractCommandeClient.java
  - ../output/jpa/src/main/javagen/restaurant/jpa_jdbc_uuid_resttemplate/api/server/restaurant/AbstractMenuClient.java
  - ../output/jpa/src/main/javagen/restaurant/jpa_jdbc_uuid_resttemplate/api/server/restaurant/AbstractPersonneClient.java
  - ../output/jpa/src/main/javagen/restaurant/jpa_jdbc_uuid_resttemplate/api/server/restaurant/AbstractRestaurantClient.java
  - ../output/jpa/src/main/javagen/restaurant/jpa_jdbc_uuid_resttemplate/daos/restaurant/AvisClientDAO.java
  - ../output/jpa/src/main/javagen/restaurant/jpa_jdbc_uuid_resttemplate/daos/restaurant/ClientDAO.java
  - ../output/jpa/src/main/javagen/restaurant/jpa_jdbc_uuid_resttemplate/daos/restaurant/CommandeDAO.java
  - ../output/jpa/src/main/javagen/restaurant/jpa_jdbc_uuid_resttemplate/daos/restaurant/CommandeHistoriqueDAO.java
  - ../output/jpa/src/main/javagen/restaurant/jpa_jdbc_uuid_resttemplate/daos/restaurant/EmployeDAO.java
  - ../output/jpa/src/main/javagen/restaurant/jpa_jdbc_uuid_resttemplate/daos/restaurant/LigneCommandeDAO.java
  - ../output/jpa/src/main/javagen/restaurant/jpa_jdbc_uuid_resttemplate/daos/restaurant/LigneCommandeHistoriqueDAO.java
  - ../output/jpa/src/main/javagen/restaurant/jpa_jdbc_uuid_resttemplate/daos/restaurant/MenuDAO.java
  - ../output/jpa/src/main/javagen/restaurant/jpa_jdbc_uuid_resttemplate/daos/restaurant/PersonneDAO.java
  - ../output/jpa/src/main/javagen/restaurant/jpa_jdbc_uuid_resttemplate/daos/restaurant/PlatDAO.java
  - ../output/jpa/src/main/javagen/restaurant/jpa_jdbc_uuid_resttemplate/daos/restaurant/PromotionDAO.java
  - ../output/jpa/src/main/javagen/restaurant/jpa_jdbc_uuid_resttemplate/daos/restaurant/ReservationDAO.java
  - ../output/jpa/src/main/javagen/restaurant/jpa_jdbc_uuid_resttemplate/daos/restaurant/RestaurantDAO.java
  - ../output/jpa/src/main/javagen/restaurant/jpa_jdbc_uuid_resttemplate/daos/restaurant/TableRestaurantDAO.java
  - ../output/jpa/src/main/javagen/restaurant/jpa_jdbc_uuid_resttemplate/dtos/restaurant/AvisClientRead.java
  - ../output/jpa/src/main/javagen/restaurant/jpa_jdbc_uuid_resttemplate/dtos/restaurant/AvisClientWrite.java
  - ../output/jpa/src/main/javagen/restaurant/jpa_jdbc_uuid_resttemplate/dtos/restaurant/ClientAvecCommandes.java
  - ../output/jpa/src/main/javagen/restaurant/jpa_jdbc_uuid_resttemplate/dtos/restaurant/ClientItem.java
  - ../output/jpa/src/main/javagen/restaurant/jpa_jdbc_uuid_resttemplate/dtos/restaurant/ClientRead.java
  - ../output/jpa/src/main/javagen/restaurant/jpa_jdbc_uuid_resttemplate/dtos/restaurant/ClientWrite.java
  - ../output/jpa/src/main/javagen/restaurant/jpa_jdbc_uuid_resttemplate/dtos/restaurant/CommandeItem.java
  - ../output/jpa/src/main/javagen/restaurant/jpa_jdbc_uuid_resttemplate/dtos/restaurant/CommandeRead.java
  - ../output/jpa/src/main/javagen/restaurant/jpa_jdbc_uuid_resttemplate/dtos/restaurant/CommandeResume.java
  - ../output/jpa/src/main/javagen/restaurant/jpa_jdbc_uuid_resttemplate/dtos/restaurant/CommandeWrite.java
  - ../output/jpa/src/main/javagen/restaurant/jpa_jdbc_uuid_resttemplate/dtos/restaurant/EmployeItem.java
  - ../output/jpa/src/main/javagen/restaurant/jpa_jdbc_uuid_resttemplate/dtos/restaurant/EmployeRead.java
  - ../output/jpa/src/main/javagen/restaurant/jpa_jdbc_uuid_resttemplate/dtos/restaurant/EmployeWrite.java
  - ../output/jpa/src/main/javagen/restaurant/jpa_jdbc_uuid_resttemplate/dtos/restaurant/LigneCommandeRead.java
  - ../output/jpa/src/main/javagen/restaurant/jpa_jdbc_uuid_resttemplate/dtos/restaurant/LigneCommandeWrite.java
  - ../output/jpa/src/main/javagen/restaurant/jpa_jdbc_uuid_resttemplate/dtos/restaurant/MenuRead.java
  - ../output/jpa/src/main/javagen/restaurant/jpa_jdbc_uuid_resttemplate/dtos/restaurant/MenuWrite.java
  - ../output/jpa/src/main/javagen/restaurant/jpa_jdbc_uuid_resttemplate/dtos/restaurant/PlatItem.java
  - ../output/jpa/src/main/javagen/restaurant/jpa_jdbc_uuid_resttemplate/dtos/restaurant/PlatItemReadonly.java
  - ../output/jpa/src/main/javagen/restaurant/jpa_jdbc_uuid_resttemplate/dtos/restaurant/PlatRead.java
  - ../output/jpa/src/main/javagen/restaurant/jpa_jdbc_uuid_resttemplate/dtos/restaurant/PlatWrite.java
  - ../output/jpa/src/main/javagen/restaurant/jpa_jdbc_uuid_resttemplate/dtos/restaurant/PromotionRead.java
  - ../output/jpa/src/main/javagen/restaurant/jpa_jdbc_uuid_resttemplate/dtos/restaurant/PromotionWrite.java
  - ../output/jpa/src/main/javagen/restaurant/jpa_jdbc_uuid_resttemplate/dtos/restaurant/ReservationRead.java
  - ../output/jpa/src/main/javagen/restaurant/jpa_jdbc_uuid_resttemplate/dtos/restaurant/ReservationWrite.java
  - ../output/jpa/src/main/javagen/restaurant/jpa_jdbc_uuid_resttemplate/dtos/restaurant/RestaurantAvecStatistiques.java
  - ../output/jpa/src/main/javagen/restaurant/jpa_jdbc_uuid_resttemplate/dtos/restaurant/RestaurantDTOMappers.java
  - ../output/jpa/src/main/javagen/restaurant/jpa_jdbc_uuid_resttemplate/dtos/restaurant/RestaurantItem.java
  - ../output/jpa/src/main/javagen/restaurant/jpa_jdbc_uuid_resttemplate/dtos/restaurant/RestaurantRead.java
  - ../output/jpa/src/main/javagen/restaurant/jpa_jdbc_uuid_resttemplate/dtos/restaurant/RestaurantWrite.java
  - ../output/jpa/src/main/javagen/restaurant/jpa_jdbc_uuid_resttemplate/dtos/restaurant/StatistiquesRestaurant.java
  - ../output/jpa/src/main/javagen/restaurant/jpa_jdbc_uuid_resttemplate/dtos/restaurant/TableItem.java
  - ../output/jpa/src/main/javagen/restaurant/jpa_jdbc_uuid_resttemplate/dtos/restaurant/TableRead.java
  - ../output/jpa/src/main/javagen/restaurant/jpa_jdbc_uuid_resttemplate/dtos/restaurant/TableWrite.java
  - ../output/jpa/src/main/javagen/restaurant/jpa_jdbc_uuid_resttemplate/entities/restaurant/AvisClient.java
  - ../output/jpa/src/main/javagen/restaurant/jpa_jdbc_uuid_resttemplate/entities/restaurant/CategoriePlat.java
  - ../output/jpa/src/main/javagen/restaurant/jpa_jdbc_uuid_resttemplate/entities/restaurant/Client.java
  - ../output/jpa/src/main/javagen/restaurant/jpa_jdbc_uuid_resttemplate/entities/restaurant/Commande.java
  - ../output/jpa/src/main/javagen/restaurant/jpa_jdbc_uuid_resttemplate/entities/restaurant/CommandeHistorique.java
  - ../output/jpa/src/main/javagen/restaurant/jpa_jdbc_uuid_resttemplate/entities/restaurant/Departement.java
  - ../output/jpa/src/main/javagen/restaurant/jpa_jdbc_uuid_resttemplate/entities/restaurant/Employe.java
  - ../output/jpa/src/main/javagen/restaurant/jpa_jdbc_uuid_resttemplate/entities/restaurant/LigneCommande.java
  - ../output/jpa/src/main/javagen/restaurant/jpa_jdbc_uuid_resttemplate/entities/restaurant/LigneCommandeHistorique.java
  - ../output/jpa/src/main/javagen/restaurant/jpa_jdbc_uuid_resttemplate/entities/restaurant/Menu.java
  - ../output/jpa/src/main/javagen/restaurant/jpa_jdbc_uuid_resttemplate/entities/restaurant/MenuPlat.java
  - ../output/jpa/src/main/javagen/restaurant/jpa_jdbc_uuid_resttemplate/entities/restaurant/Personne.java
  - ../output/jpa/src/main/javagen/restaurant/jpa_jdbc_uuid_resttemplate/entities/restaurant/Plat.java
  - ../output/jpa/src/main/javagen/restaurant/jpa_jdbc_uuid_resttemplate/entities/restaurant/Promotion.java
  - ../output/jpa/src/main/javagen/restaurant/jpa_jdbc_uuid_resttemplate/entities/restaurant/Region.java
  - ../output/jpa/src/main/javagen/restaurant/jpa_jdbc_uuid_resttemplate/entities/restaurant/Reservation.java
  - ../output/jpa/src/main/javagen/restaurant/jpa_jdbc_uuid_resttemplate/entities/restaurant/Restaurant.java
  - ../output/jpa/src/main/javagen/restaurant/jpa_jdbc_uuid_resttemplate/entities/restaurant/RestaurantMappers.java
  - ../output/jpa/src/main/javagen/restaurant/jpa_jdbc_uuid_resttemplate/entities/restaurant/TableRestaurant.java
  - ../output/jpa/src/main/javagen/restaurant/jpa_jdbc_uuid_resttemplate/enums/restaurant/CategoriePlatCode.java
  - ../output/jpa/src/main/javagen/restaurant/jpa_jdbc_uuid_resttemplate/enums/restaurant/CategoriePlatOrdre.java
  - ../output/jpa/src/main/javagen/restaurant/jpa_jdbc_uuid_resttemplate/enums/restaurant/DepartementCode.java
  - ../output/jpa/src/main/javagen/restaurant/jpa_jdbc_uuid_resttemplate/enums/restaurant/RegionCode.java
  - ../output/jpa/src/main/javagen/restaurant/jpa_jdbc_uuid_resttemplate/enums/restaurant/StatutCommande.java
  - ../output/jpa/src/main/javagen/restaurant/jpa_sequence_server/api/server/restaurant/CommandeController.java
  - ../output/jpa/src/main/javagen/restaurant/jpa_sequence_server/api/server/restaurant/MenuController.java
  - ../output/jpa/src/main/javagen/restaurant/jpa_sequence_server/api/server/restaurant/PersonneController.java
  - ../output/jpa/src/main/javagen/restaurant/jpa_sequence_server/api/server/restaurant/RestaurantController.java
  - ../output/jpa/src/main/javagen/restaurant/jpa_sequence_server/daos/restaurant/AvisClientDAO.java
  - ../output/jpa/src/main/javagen/restaurant/jpa_sequence_server/daos/restaurant/ClientDAO.java
  - ../output/jpa/src/main/javagen/restaurant/jpa_sequence_server/daos/restaurant/CommandeDAO.java
  - ../output/jpa/src/main/javagen/restaurant/jpa_sequence_server/daos/restaurant/CommandeHistoriqueDAO.java
  - ../output/jpa/src/main/javagen/restaurant/jpa_sequence_server/daos/restaurant/EmployeDAO.java
  - ../output/jpa/src/main/javagen/restaurant/jpa_sequence_server/daos/restaurant/LigneCommandeDAO.java
  - ../output/jpa/src/main/javagen/restaurant/jpa_sequence_server/daos/restaurant/LigneCommandeHistoriqueDAO.java
  - ../output/jpa/src/main/javagen/restaurant/jpa_sequence_server/daos/restaurant/MenuDAO.java
  - ../output/jpa/src/main/javagen/restaurant/jpa_sequence_server/daos/restaurant/MenuPlatDAO.java
  - ../output/jpa/src/main/javagen/restaurant/jpa_sequence_server/daos/restaurant/PersonneDAO.java
  - ../output/jpa/src/main/javagen/restaurant/jpa_sequence_server/daos/restaurant/PlatDAO.java
  - ../output/jpa/src/main/javagen/restaurant/jpa_sequence_server/daos/restaurant/PromotionDAO.java
  - ../output/jpa/src/main/javagen/restaurant/jpa_sequence_server/daos/restaurant/ReservationDAO.java
  - ../output/jpa/src/main/javagen/restaurant/jpa_sequence_server/daos/restaurant/RestaurantDAO.java
  - ../output/jpa/src/main/javagen/restaurant/jpa_sequence_server/daos/restaurant/TableRestaurantDAO.java
  - ../output/jpa/src/main/javagen/restaurant/jpa_sequence_server/dtos/restaurant/AvisClientRead.java
  - ../output/jpa/src/main/javagen/restaurant/jpa_sequence_server/dtos/restaurant/AvisClientWrite.java
  - ../output/jpa/src/main/javagen/restaurant/jpa_sequence_server/dtos/restaurant/ClientAvecCommandes.java
  - ../output/jpa/src/main/javagen/restaurant/jpa_sequence_server/dtos/restaurant/ClientItem.java
  - ../output/jpa/src/main/javagen/restaurant/jpa_sequence_server/dtos/restaurant/ClientRead.java
  - ../output/jpa/src/main/javagen/restaurant/jpa_sequence_server/dtos/restaurant/ClientWrite.java
  - ../output/jpa/src/main/javagen/restaurant/jpa_sequence_server/dtos/restaurant/CommandeItem.java
  - ../output/jpa/src/main/javagen/restaurant/jpa_sequence_server/dtos/restaurant/CommandeRead.java
  - ../output/jpa/src/main/javagen/restaurant/jpa_sequence_server/dtos/restaurant/CommandeResume.java
  - ../output/jpa/src/main/javagen/restaurant/jpa_sequence_server/dtos/restaurant/CommandeWrite.java
  - ../output/jpa/src/main/javagen/restaurant/jpa_sequence_server/dtos/restaurant/EmployeItem.java
  - ../output/jpa/src/main/javagen/restaurant/jpa_sequence_server/dtos/restaurant/EmployeRead.java
  - ../output/jpa/src/main/javagen/restaurant/jpa_sequence_server/dtos/restaurant/EmployeWrite.java
  - ../output/jpa/src/main/javagen/restaurant/jpa_sequence_server/dtos/restaurant/LigneCommandeRead.java
  - ../output/jpa/src/main/javagen/restaurant/jpa_sequence_server/dtos/restaurant/LigneCommandeWrite.java
  - ../output/jpa/src/main/javagen/restaurant/jpa_sequence_server/dtos/restaurant/MenuRead.java
  - ../output/jpa/src/main/javagen/restaurant/jpa_sequence_server/dtos/restaurant/MenuWrite.java
  - ../output/jpa/src/main/javagen/restaurant/jpa_sequence_server/dtos/restaurant/PlatItem.java
  - ../output/jpa/src/main/javagen/restaurant/jpa_sequence_server/dtos/restaurant/PlatItemReadonly.java
  - ../output/jpa/src/main/javagen/restaurant/jpa_sequence_server/dtos/restaurant/PlatRead.java
  - ../output/jpa/src/main/javagen/restaurant/jpa_sequence_server/dtos/restaurant/PlatWrite.java
  - ../output/jpa/src/main/javagen/restaurant/jpa_sequence_server/dtos/restaurant/PromotionRead.java
  - ../output/jpa/src/main/javagen/restaurant/jpa_sequence_server/dtos/restaurant/PromotionWrite.java
  - ../output/jpa/src/main/javagen/restaurant/jpa_sequence_server/dtos/restaurant/ReservationRead.java
  - ../output/jpa/src/main/javagen/restaurant/jpa_sequence_server/dtos/restaurant/ReservationWrite.java
  - ../output/jpa/src/main/javagen/restaurant/jpa_sequence_server/dtos/restaurant/RestaurantAvecStatistiques.java
  - ../output/jpa/src/main/javagen/restaurant/jpa_sequence_server/dtos/restaurant/RestaurantDTOMappers.java
  - ../output/jpa/src/main/javagen/restaurant/jpa_sequence_server/dtos/restaurant/RestaurantItem.java
  - ../output/jpa/src/main/javagen/restaurant/jpa_sequence_server/dtos/restaurant/RestaurantRead.java
  - ../output/jpa/src/main/javagen/restaurant/jpa_sequence_server/dtos/restaurant/RestaurantWrite.java
  - ../output/jpa/src/main/javagen/restaurant/jpa_sequence_server/dtos/restaurant/StatistiquesRestaurant.java
  - ../output/jpa/src/main/javagen/restaurant/jpa_sequence_server/dtos/restaurant/TableItem.java
  - ../output/jpa/src/main/javagen/restaurant/jpa_sequence_server/dtos/restaurant/TableRead.java
  - ../output/jpa/src/main/javagen/restaurant/jpa_sequence_server/dtos/restaurant/TableWrite.java
  - ../output/jpa/src/main/javagen/restaurant/jpa_sequence_server/entities/restaurant/AvisClient_.java
  - ../output/jpa/src/main/javagen/restaurant/jpa_sequence_server/entities/restaurant/AvisClient.java
  - ../output/jpa/src/main/javagen/restaurant/jpa_sequence_server/entities/restaurant/CategoriePlat_.java
  - ../output/jpa/src/main/javagen/restaurant/jpa_sequence_server/entities/restaurant/CategoriePlat.java
  - ../output/jpa/src/main/javagen/restaurant/jpa_sequence_server/entities/restaurant/Client_.java
  - ../output/jpa/src/main/javagen/restaurant/jpa_sequence_server/entities/restaurant/Client.java
  - ../output/jpa/src/main/javagen/restaurant/jpa_sequence_server/entities/restaurant/Commande_.java
  - ../output/jpa/src/main/javagen/restaurant/jpa_sequence_server/entities/restaurant/Commande.java
  - ../output/jpa/src/main/javagen/restaurant/jpa_sequence_server/entities/restaurant/CommandeHistorique_.java
  - ../output/jpa/src/main/javagen/restaurant/jpa_sequence_server/entities/restaurant/CommandeHistorique.java
  - ../output/jpa/src/main/javagen/restaurant/jpa_sequence_server/entities/restaurant/Departement_.java
  - ../output/jpa/src/main/javagen/restaurant/jpa_sequence_server/entities/restaurant/Departement.java
  - ../output/jpa/src/main/javagen/restaurant/jpa_sequence_server/entities/restaurant/Employe_.java
  - ../output/jpa/src/main/javagen/restaurant/jpa_sequence_server/entities/restaurant/Employe.java
  - ../output/jpa/src/main/javagen/restaurant/jpa_sequence_server/entities/restaurant/LigneCommande_.java
  - ../output/jpa/src/main/javagen/restaurant/jpa_sequence_server/entities/restaurant/LigneCommande.java
  - ../output/jpa/src/main/javagen/restaurant/jpa_sequence_server/entities/restaurant/LigneCommandeHistorique_.java
  - ../output/jpa/src/main/javagen/restaurant/jpa_sequence_server/entities/restaurant/LigneCommandeHistorique.java
  - ../output/jpa/src/main/javagen/restaurant/jpa_sequence_server/entities/restaurant/Menu_.java
  - ../output/jpa/src/main/javagen/restaurant/jpa_sequence_server/entities/restaurant/Menu.java
  - ../output/jpa/src/main/javagen/restaurant/jpa_sequence_server/entities/restaurant/MenuPlat_.java
  - ../output/jpa/src/main/javagen/restaurant/jpa_sequence_server/entities/restaurant/MenuPlat.java
  - ../output/jpa/src/main/javagen/restaurant/jpa_sequence_server/entities/restaurant/Personne_.java
  - ../output/jpa/src/main/javagen/restaurant/jpa_sequence_server/entities/restaurant/Personne.java
  - ../output/jpa/src/main/javagen/restaurant/jpa_sequence_server/entities/restaurant/Plat_.java
  - ../output/jpa/src/main/javagen/restaurant/jpa_sequence_server/entities/restaurant/Plat.java
  - ../output/jpa/src/main/javagen/restaurant/jpa_sequence_server/entities/restaurant/Promotion_.java
  - ../output/jpa/src/main/javagen/restaurant/jpa_sequence_server/entities/restaurant/Promotion.java
  - ../output/jpa/src/main/javagen/restaurant/jpa_sequence_server/entities/restaurant/Region_.java
  - ../output/jpa/src/main/javagen/restaurant/jpa_sequence_server/entities/restaurant/Region.java
  - ../output/jpa/src/main/javagen/restaurant/jpa_sequence_server/entities/restaurant/Reservation_.java
  - ../output/jpa/src/main/javagen/restaurant/jpa_sequence_server/entities/restaurant/Reservation.java
  - ../output/jpa/src/main/javagen/restaurant/jpa_sequence_server/entities/restaurant/Restaurant_.java
  - ../output/jpa/src/main/javagen/restaurant/jpa_sequence_server/entities/restaurant/Restaurant.java
  - ../output/jpa/src/main/javagen/restaurant/jpa_sequence_server/entities/restaurant/RestaurantMappers.java
  - ../output/jpa/src/main/javagen/restaurant/jpa_sequence_server/entities/restaurant/TableRestaurant_.java
  - ../output/jpa/src/main/javagen/restaurant/jpa_sequence_server/entities/restaurant/TableRestaurant.java
  - ../output/jpa/src/main/javagen/restaurant/jpa_sequence_server/enums/restaurant/CategoriePlatCode.java
  - ../output/jpa/src/main/javagen/restaurant/jpa_sequence_server/enums/restaurant/CategoriePlatOrdre.java
  - ../output/jpa/src/main/javagen/restaurant/jpa_sequence_server/enums/restaurant/DepartementCode.java
  - ../output/jpa/src/main/javagen/restaurant/jpa_sequence_server/enums/restaurant/RegionCode.java
  - ../output/jpa/src/main/javagen/restaurant/jpa_sequence_server/enums/restaurant/StatutCommande.java
  - ../output/jpa/src/main/resources/jpa-identity-feign/i18n/model/restaurant.properties
  - ../output/jpa/src/main/resources/jpa-jdbc-uuid-resttemplate/i18n/model/restaurant.properties
  - ../output/jpa/src/main/resources/jpa-sequence-server/i18n/model/restaurant.properties
  - ../output/pg/src/01_tables.sql
  - ../output/pg/src/02_fk_indexes.sql
  - ../output/pg/src/03_unique_keys.sql
  - ../output/pg/src/04_references.sql
  - ../output/pg/src/05_comments.sql
  - ../output/pg/src/06_resources.sql
  - ../output/ssdt/src/init/CATEGORIE_PLAT.insert.sql
  - ../output/ssdt/src/init/DEPARTEMENT.insert.sql
  - ../output/ssdt/src/init/main.sql
  - ../output/ssdt/src/init/REGION.insert.sql
  - ../output/ssdt/src/init/STATUT_COMMANDE.insert.sql
  - ../output/ssdt/src/tables/AVIS_CLIENT.sql
  - ../output/ssdt/src/tables/CATEGORIE_PLAT.sql
  - ../output/ssdt/src/tables/CLIENT.sql
  - ../output/ssdt/src/tables/COMMANDE_HISTORIQUE.sql
  - ../output/ssdt/src/tables/COMMANDE.sql
  - ../output/ssdt/src/tables/DEPARTEMENT.sql
  - ../output/ssdt/src/tables/EMPLOYE.sql
  - ../output/ssdt/src/tables/LIGNE_COMMANDE_HISTORIQUE.sql
  - ../output/ssdt/src/tables/LIGNE_COMMANDE.sql
  - ../output/ssdt/src/tables/MENU_PLAT.sql
  - ../output/ssdt/src/tables/MENU.sql
  - ../output/ssdt/src/tables/PERSONNE.sql
  - ../output/ssdt/src/tables/PLAT.sql
  - ../output/ssdt/src/tables/PROMOTION.sql
  - ../output/ssdt/src/tables/REGION.sql
  - ../output/ssdt/src/tables/RESERVATION.sql
  - ../output/ssdt/src/tables/RESTAURANT.sql
  - ../output/ssdt/src/tables/STATUT_COMMANDE.sql
  - ../output/ssdt/src/tables/TABLE.sql
