#
# ATTENTION CE FICHIER EST GENERE AUTOMATIQUEMENT !
#

version: 3.3.0
custom:
  ../../../TopModel.Generator.Sql: 42e6a4bfa5115b6e505951124cc2de48
generatedFiles:
  - ./src/01_tables.sql
  - ./src/02_fk_indexes.sql
  - ./src/03_unique_keys.sql
  - ./src/04_references.sql
  - ./src/05_comments.sql
  - ./src/06_resources.sql
