#
# ATTENTION CE FICHIER EST GENERE AUTOMATIQUEMENT !
#

version: 2.9.1
custom:
  ../../../TopModel.Generator.Sql: f731e24e3800219367a77e51e538dc12
generatedFiles:
  - ./src/01_tables.sql
  - ./src/02_fk_indexes.sql
  - ./src/03_unique_keys.sql
  - ./src/04_references.sql
  - ./src/05_comments.sql
  - ./src/06_resources.sql
