#
# ATTENTION CE FICHIER EST GENERE AUTOMATIQUEMENT !
#

version: 3.1.0
custom:
  ../../../TopModel.Generator.Sql: 9b71370732e8d1796784a4efca24ba0e
generatedFiles:
  - ./src/01_tables.sql
  - ./src/02_fk_indexes.sql
  - ./src/03_unique_keys.sql
  - ./src/04_references.sql
  - ./src/05_comments.sql
  - ./src/06_resources.sql
