#
# ATTENTION CE FICHIER EST GENERE AUTOMATIQUEMENT !
#

version: 3.2.2
custom:
  ../../../TopModel.Generator.Csharp: 275edec07e1234b3f44e000f6281bdbf
generatedFiles:
  - ./src/Clients/TopModel.Sample.Clients.Db/generated/TopModelSampleDbContext.comments.cs
  - ./src/Clients/TopModel.Sample.Clients.Db/generated/TopModelSampleDbContext.cs
  - ./src/Clients/TopModel.Sample.Clients.Db/Models/Securite/Profil/generated/Profil.cs
  - ./src/Clients/TopModel.Sample.Clients.Db/Models/Securite/Profil/generated/ProfilDroit.cs
  - ./src/Clients/TopModel.Sample.Clients.Db/Models/Securite/Profil/generated/ProfilMappers.cs
  - ./src/Clients/TopModel.Sample.Clients.Db/Models/Securite/Utilisateur/generated/Utilisateur.cs
  - ./src/Clients/TopModel.Sample.Clients.Db/Models/Securite/Utilisateur/generated/UtilisateurMappers.cs
  - ./src/Clients/TopModel.Sample.Clients.Db/Reference/generated/DbSecuriteProfilReferenceAccessors.cs
  - ./src/Clients/TopModel.Sample.Clients.Db/Reference/generated/DbSecuriteUtilisateurReferenceAccessors.cs
  - ./src/Clients/TopModel.Sample.Clients.Db/Reference/generated/IDbSecuriteProfilReferenceAccessors.cs
  - ./src/Clients/TopModel.Sample.Clients.Db/Reference/generated/IDbSecuriteUtilisateurReferenceAccessors.cs
  - ./src/Clients/TopModel.Sample.Clients.External/Securite/Profil/generated/ProfilClient.cs
  - ./src/Clients/TopModel.Sample.Clients.External/Securite/Utilisateur/generated/UtilisateurClient.cs
  - ./src/Models/TopModel.Sample.Securite.Models/Profil/generated/Droit.cs
  - ./src/Models/TopModel.Sample.Securite.Models/Profil/generated/IProfilItem.cs
  - ./src/Models/TopModel.Sample.Securite.Models/Profil/generated/ProfilRead.cs
  - ./src/Models/TopModel.Sample.Securite.Models/Profil/generated/ProfilWrite.cs
  - ./src/Models/TopModel.Sample.Securite.Models/Profil/generated/TypeDroit.cs
  - ./src/Models/TopModel.Sample.Securite.Models/Utilisateur/generated/IUtilisateurItem.cs
  - ./src/Models/TopModel.Sample.Securite.Models/Utilisateur/generated/TypeUtilisateur.cs
  - ./src/Models/TopModel.Sample.Securite.Models/Utilisateur/generated/UtilisateurRead.cs
  - ./src/Models/TopModel.Sample.Securite.Models/Utilisateur/generated/UtilisateurWrite.cs
  - ./src/TopModel.Sample.Api/Controllers/Securite/Profil/ProfilController.cs
  - ./src/TopModel.Sample.Api/Controllers/Securite/Utilisateur/UtilisateurController.cs
